// !$*UTF8*$!
{
	archiveVersion = 1;
	classes = {
	};
	objectVersion = 46;
	objects = {

/* Begin PBXBuildFile section */
		7ACF44F21BD3118300CE7FB2 /* Weak.swift in Sources */ = {isa = PBXBuildFile; fileRef = 7ACF44F11BD3118300CE7FB2 /* Weak.swift */; settings = {ASSET_TAGS = (); }; };
		7AE7217E1BD1A8B2001B7791 /* Geometry.swift in Sources */ = {isa = PBXBuildFile; fileRef = 7AE7217D1BD1A8B2001B7791 /* Geometry.swift */; settings = {ASSET_TAGS = (); }; };
		7AE7217F1BD1A8B2001B7791 /* Geometry.swift in Sources */ = {isa = PBXBuildFile; fileRef = 7AE7217D1BD1A8B2001B7791 /* Geometry.swift */; settings = {ASSET_TAGS = (); }; };
		CD118DC11BA5F65C00668DB6 /* Main.storyboard in Resources */ = {isa = PBXBuildFile; fileRef = CD118DC01BA5F65C00668DB6 /* Main.storyboard */; };
		CD193CBD1BA4891500203B44 /* AppDelegate.swift in Sources */ = {isa = PBXBuildFile; fileRef = CD193CBC1BA4891500203B44 /* AppDelegate.swift */; };
		CD193CC41BA4891500203B44 /* Assets.xcassets in Resources */ = {isa = PBXBuildFile; fileRef = CD193CC31BA4891500203B44 /* Assets.xcassets */; };
		CD193CC71BA4891500203B44 /* LaunchScreen.storyboard in Resources */ = {isa = PBXBuildFile; fileRef = CD193CC51BA4891500203B44 /* LaunchScreen.storyboard */; };
		CD193CD21BA4891500203B44 /* PadiddleTests.swift in Sources */ = {isa = PBXBuildFile; fileRef = CD193CD11BA4891500203B44 /* PadiddleTests.swift */; };
		CD193CDD1BA4891500203B44 /* PadiddleUITests.swift in Sources */ = {isa = PBXBuildFile; fileRef = CD193CDC1BA4891500203B44 /* PadiddleUITests.swift */; };
		CD42370D1BAB54EB0000E395 /* ColorPickerViewController.swift in Sources */ = {isa = PBXBuildFile; fileRef = CD42370C1BAB54EB0000E395 /* ColorPickerViewController.swift */; };
		CD4237101BAB6F3E0000E395 /* ColorPickerViewModel.swift in Sources */ = {isa = PBXBuildFile; fileRef = CD42370F1BAB6F3E0000E395 /* ColorPickerViewModel.swift */; };
		CD4237131BAB97FA0000E395 /* ColorPickerLayout.swift in Sources */ = {isa = PBXBuildFile; fileRef = CD4237121BAB97FA0000E395 /* ColorPickerLayout.swift */; settings = {ASSET_TAGS = (); }; };
		CD5D4EFD1BAC867D00D4AABB /* Defaults.swift in Sources */ = {isa = PBXBuildFile; fileRef = CD5D4EFC1BAC867D00D4AABB /* Defaults.swift */; settings = {ASSET_TAGS = (); }; };
		CD5D4F011BACA10600D4AABB /* ArrayExtensions.swift in Sources */ = {isa = PBXBuildFile; fileRef = CD5D4F001BACA10600D4AABB /* ArrayExtensions.swift */; settings = {ASSET_TAGS = (); }; };
		CD5D4F031BACAA0000D4AABB /* PickerCell.swift in Sources */ = {isa = PBXBuildFile; fileRef = CD5D4F021BACAA0000D4AABB /* PickerCell.swift */; settings = {ASSET_TAGS = (); }; };
		CD5D4F071BACAD5200D4AABB /* Colors.swift in Sources */ = {isa = PBXBuildFile; fileRef = CD5D4F061BACAD5200D4AABB /* Colors.swift */; settings = {ASSET_TAGS = (); }; };
		CD5D4F091BACB0E700D4AABB /* ToolbarViewModel.swift in Sources */ = {isa = PBXBuildFile; fileRef = CD5D4F081BACB0E700D4AABB /* ToolbarViewModel.swift */; settings = {ASSET_TAGS = (); }; };
		CD5D4F0B1BACB18200D4AABB /* ImageMaker.swift in Sources */ = {isa = PBXBuildFile; fileRef = CD5D4F0A1BACB18200D4AABB /* ImageMaker.swift */; settings = {ASSET_TAGS = (); }; };
		CDA035E51BA8AEAA0023F290 /* RootViewController.swift in Sources */ = {isa = PBXBuildFile; fileRef = CDA035E21BA8AEAA0023F290 /* RootViewController.swift */; };
		CDA035E61BA8AEAA0023F290 /* ToolbarViewController.swift in Sources */ = {isa = PBXBuildFile; fileRef = CDA035E31BA8AEAA0023F290 /* ToolbarViewController.swift */; };
		CDA035E91BA8B02D0023F290 /* ColorManager.swift in Sources */ = {isa = PBXBuildFile; fileRef = CDA035E81BA8B02D0023F290 /* ColorManager.swift */; };
		CDBF24261BC5D3FE00A0785C /* CounterRotatingViewController.swift in Sources */ = {isa = PBXBuildFile; fileRef = CDBF24251BC5D3FE00A0785C /* CounterRotatingViewController.swift */; settings = {ASSET_TAGS = (); }; };
		CDBF242A1BC5DCA900A0785C /* DrawingViewModel.swift in Sources */ = {isa = PBXBuildFile; fileRef = CDBF24291BC5DCA900A0785C /* DrawingViewModel.swift */; settings = {ASSET_TAGS = (); }; };
		CDBF24301BC5DCE900A0785C /* DrawingView.swift in Sources */ = {isa = PBXBuildFile; fileRef = CDBF242E1BC5DCE900A0785C /* DrawingView.swift */; settings = {ASSET_TAGS = (); }; };
		CDBF24311BC5DCE900A0785C /* DrawingViewController.swift in Sources */ = {isa = PBXBuildFile; fileRef = CDBF242F1BC5DCE900A0785C /* DrawingViewController.swift */; settings = {ASSET_TAGS = (); }; };
		CDBF24331BC5E66D00A0785C /* ScreenExtensions.swift in Sources */ = {isa = PBXBuildFile; fileRef = CDBF24321BC5E66D00A0785C /* ScreenExtensions.swift */; settings = {ASSET_TAGS = (); }; };
		CDBF24351BC5EB8200A0785C /* DeviceExtensions.swift in Sources */ = {isa = PBXBuildFile; fileRef = CDBF24341BC5EB8200A0785C /* DeviceExtensions.swift */; settings = {ASSET_TAGS = (); }; };
		CDBF24371BC5F56600A0785C /* ImageExtensions.swift in Sources */ = {isa = PBXBuildFile; fileRef = CDBF24361BC5F56600A0785C /* ImageExtensions.swift */; settings = {ASSET_TAGS = (); }; };
/* End PBXBuildFile section */

/* Begin PBXContainerItemProxy section */
		CD193CCE1BA4891500203B44 /* PBXContainerItemProxy */ = {
			isa = PBXContainerItemProxy;
			containerPortal = CD193CB11BA4891500203B44 /* Project object */;
			proxyType = 1;
			remoteGlobalIDString = CD193CB81BA4891500203B44;
			remoteInfo = Padiddle;
		};
		CD193CD91BA4891500203B44 /* PBXContainerItemProxy */ = {
			isa = PBXContainerItemProxy;
			containerPortal = CD193CB11BA4891500203B44 /* Project object */;
			proxyType = 1;
			remoteGlobalIDString = CD193CB81BA4891500203B44;
			remoteInfo = Padiddle;
		};
/* End PBXContainerItemProxy section */

/* Begin PBXFileReference section */
		7ACF44F11BD3118300CE7FB2 /* Weak.swift */ = {isa = PBXFileReference; fileEncoding = 4; lastKnownFileType = sourcecode.swift; path = Weak.swift; sourceTree = "<group>"; };
		7AE7217D1BD1A8B2001B7791 /* Geometry.swift */ = {isa = PBXFileReference; fileEncoding = 4; lastKnownFileType = sourcecode.swift; path = Geometry.swift; sourceTree = "<group>"; };
		CD118DC01BA5F65C00668DB6 /* Main.storyboard */ = {isa = PBXFileReference; fileEncoding = 4; lastKnownFileType = file.storyboard; path = Main.storyboard; sourceTree = "<group>"; };
		CD193CB91BA4891500203B44 /* Padiddle.app */ = {isa = PBXFileReference; explicitFileType = wrapper.application; includeInIndex = 0; path = Padiddle.app; sourceTree = BUILT_PRODUCTS_DIR; };
		CD193CBC1BA4891500203B44 /* AppDelegate.swift */ = {isa = PBXFileReference; lastKnownFileType = sourcecode.swift; path = AppDelegate.swift; sourceTree = "<group>"; };
		CD193CC31BA4891500203B44 /* Assets.xcassets */ = {isa = PBXFileReference; lastKnownFileType = folder.assetcatalog; path = Assets.xcassets; sourceTree = "<group>"; };
		CD193CC61BA4891500203B44 /* Base */ = {isa = PBXFileReference; lastKnownFileType = file.storyboard; name = Base; path = Base.lproj/LaunchScreen.storyboard; sourceTree = "<group>"; };
		CD193CC81BA4891500203B44 /* Info.plist */ = {isa = PBXFileReference; lastKnownFileType = text.plist.xml; path = Info.plist; sourceTree = "<group>"; };
		CD193CCD1BA4891500203B44 /* PadiddleTests.xctest */ = {isa = PBXFileReference; explicitFileType = wrapper.cfbundle; includeInIndex = 0; path = PadiddleTests.xctest; sourceTree = BUILT_PRODUCTS_DIR; };
		CD193CD11BA4891500203B44 /* PadiddleTests.swift */ = {isa = PBXFileReference; lastKnownFileType = sourcecode.swift; path = PadiddleTests.swift; sourceTree = "<group>"; };
		CD193CD31BA4891500203B44 /* Info.plist */ = {isa = PBXFileReference; lastKnownFileType = text.plist.xml; path = Info.plist; sourceTree = "<group>"; };
		CD193CD81BA4891500203B44 /* PadiddleUITests.xctest */ = {isa = PBXFileReference; explicitFileType = wrapper.cfbundle; includeInIndex = 0; path = PadiddleUITests.xctest; sourceTree = BUILT_PRODUCTS_DIR; };
		CD193CDC1BA4891500203B44 /* PadiddleUITests.swift */ = {isa = PBXFileReference; lastKnownFileType = sourcecode.swift; path = PadiddleUITests.swift; sourceTree = "<group>"; };
		CD193CDE1BA4891500203B44 /* Info.plist */ = {isa = PBXFileReference; lastKnownFileType = text.plist.xml; path = Info.plist; sourceTree = "<group>"; };
		CD42370C1BAB54EB0000E395 /* ColorPickerViewController.swift */ = {isa = PBXFileReference; fileEncoding = 4; lastKnownFileType = sourcecode.swift; path = ColorPickerViewController.swift; sourceTree = "<group>"; };
		CD42370F1BAB6F3E0000E395 /* ColorPickerViewModel.swift */ = {isa = PBXFileReference; fileEncoding = 4; lastKnownFileType = sourcecode.swift; path = ColorPickerViewModel.swift; sourceTree = "<group>"; };
		CD4237121BAB97FA0000E395 /* ColorPickerLayout.swift */ = {isa = PBXFileReference; fileEncoding = 4; lastKnownFileType = sourcecode.swift; path = ColorPickerLayout.swift; sourceTree = "<group>"; };
		CD5D4EFC1BAC867D00D4AABB /* Defaults.swift */ = {isa = PBXFileReference; fileEncoding = 4; lastKnownFileType = sourcecode.swift; path = Defaults.swift; sourceTree = "<group>"; };
		CD5D4F001BACA10600D4AABB /* ArrayExtensions.swift */ = {isa = PBXFileReference; fileEncoding = 4; lastKnownFileType = sourcecode.swift; path = ArrayExtensions.swift; sourceTree = "<group>"; };
		CD5D4F021BACAA0000D4AABB /* PickerCell.swift */ = {isa = PBXFileReference; fileEncoding = 4; lastKnownFileType = sourcecode.swift; path = PickerCell.swift; sourceTree = "<group>"; };
		CD5D4F061BACAD5200D4AABB /* Colors.swift */ = {isa = PBXFileReference; fileEncoding = 4; lastKnownFileType = sourcecode.swift; path = Colors.swift; sourceTree = "<group>"; };
		CD5D4F081BACB0E700D4AABB /* ToolbarViewModel.swift */ = {isa = PBXFileReference; fileEncoding = 4; lastKnownFileType = sourcecode.swift; path = ToolbarViewModel.swift; sourceTree = "<group>"; };
		CD5D4F0A1BACB18200D4AABB /* ImageMaker.swift */ = {isa = PBXFileReference; fileEncoding = 4; lastKnownFileType = sourcecode.swift; path = ImageMaker.swift; sourceTree = "<group>"; };
		CDA035E21BA8AEAA0023F290 /* RootViewController.swift */ = {isa = PBXFileReference; fileEncoding = 4; lastKnownFileType = sourcecode.swift; path = RootViewController.swift; sourceTree = "<group>"; };
		CDA035E31BA8AEAA0023F290 /* ToolbarViewController.swift */ = {isa = PBXFileReference; fileEncoding = 4; lastKnownFileType = sourcecode.swift; path = ToolbarViewController.swift; sourceTree = "<group>"; };
		CDA035E81BA8B02D0023F290 /* ColorManager.swift */ = {isa = PBXFileReference; fileEncoding = 4; lastKnownFileType = sourcecode.swift; path = ColorManager.swift; sourceTree = "<group>"; };
		CDBF24251BC5D3FE00A0785C /* CounterRotatingViewController.swift */ = {isa = PBXFileReference; fileEncoding = 4; lastKnownFileType = sourcecode.swift; path = CounterRotatingViewController.swift; sourceTree = "<group>"; };
		CDBF24291BC5DCA900A0785C /* DrawingViewModel.swift */ = {isa = PBXFileReference; fileEncoding = 4; lastKnownFileType = sourcecode.swift; path = DrawingViewModel.swift; sourceTree = "<group>"; };
		CDBF242E1BC5DCE900A0785C /* DrawingView.swift */ = {isa = PBXFileReference; fileEncoding = 4; lastKnownFileType = sourcecode.swift; path = DrawingView.swift; sourceTree = "<group>"; };
		CDBF242F1BC5DCE900A0785C /* DrawingViewController.swift */ = {isa = PBXFileReference; fileEncoding = 4; lastKnownFileType = sourcecode.swift; path = DrawingViewController.swift; sourceTree = "<group>"; };
		CDBF24321BC5E66D00A0785C /* ScreenExtensions.swift */ = {isa = PBXFileReference; fileEncoding = 4; lastKnownFileType = sourcecode.swift; path = ScreenExtensions.swift; sourceTree = "<group>"; };
		CDBF24341BC5EB8200A0785C /* DeviceExtensions.swift */ = {isa = PBXFileReference; fileEncoding = 4; lastKnownFileType = sourcecode.swift; path = DeviceExtensions.swift; sourceTree = "<group>"; };
		CDBF24361BC5F56600A0785C /* ImageExtensions.swift */ = {isa = PBXFileReference; fileEncoding = 4; lastKnownFileType = sourcecode.swift; path = ImageExtensions.swift; sourceTree = "<group>"; };
/* End PBXFileReference section */

/* Begin PBXFrameworksBuildPhase section */
		CD193CB61BA4891500203B44 /* Frameworks */ = {
			isa = PBXFrameworksBuildPhase;
			buildActionMask = 2147483647;
			files = (
			);
			runOnlyForDeploymentPostprocessing = 0;
		};
		CD193CCA1BA4891500203B44 /* Frameworks */ = {
			isa = PBXFrameworksBuildPhase;
			buildActionMask = 2147483647;
			files = (
			);
			runOnlyForDeploymentPostprocessing = 0;
		};
		CD193CD51BA4891500203B44 /* Frameworks */ = {
			isa = PBXFrameworksBuildPhase;
			buildActionMask = 2147483647;
			files = (
			);
			runOnlyForDeploymentPostprocessing = 0;
		};
/* End PBXFrameworksBuildPhase section */

/* Begin PBXGroup section */
		CD193CB01BA4891500203B44 = {
			isa = PBXGroup;
			children = (
				CD193CBB1BA4891500203B44 /* Padiddle */,
				CD193CD01BA4891500203B44 /* PadiddleTests */,
				CD193CDB1BA4891500203B44 /* PadiddleUITests */,
				CD193CBA1BA4891500203B44 /* Products */,
			);
			sourceTree = "<group>";
		};
		CD193CBA1BA4891500203B44 /* Products */ = {
			isa = PBXGroup;
			children = (
				CD193CB91BA4891500203B44 /* Padiddle.app */,
				CD193CCD1BA4891500203B44 /* PadiddleTests.xctest */,
				CD193CD81BA4891500203B44 /* PadiddleUITests.xctest */,
			);
			name = Products;
			sourceTree = "<group>";
		};
		CD193CBB1BA4891500203B44 /* Padiddle */ = {
			isa = PBXGroup;
			children = (
				CD193CBC1BA4891500203B44 /* AppDelegate.swift */,
				CDA035E71BA8AED50023F290 /* Model */,
				CDA035E01BA8AEAA0023F290 /* View */,
				CD42370E1BAB6F2D0000E395 /* View Model */,
				CD5D4EFF1BACA0FE00D4AABB /* Utilities */,
				CD118DC01BA5F65C00668DB6 /* Main.storyboard */,
				CD193CC31BA4891500203B44 /* Assets.xcassets */,
				CD193CC51BA4891500203B44 /* LaunchScreen.storyboard */,
				CD193CC81BA4891500203B44 /* Info.plist */,
			);
			path = Padiddle;
			sourceTree = "<group>";
		};
		CD193CD01BA4891500203B44 /* PadiddleTests */ = {
			isa = PBXGroup;
			children = (
				CD193CD11BA4891500203B44 /* PadiddleTests.swift */,
				CD193CD31BA4891500203B44 /* Info.plist */,
			);
			path = PadiddleTests;
			sourceTree = "<group>";
		};
		CD193CDB1BA4891500203B44 /* PadiddleUITests */ = {
			isa = PBXGroup;
			children = (
				CD193CDC1BA4891500203B44 /* PadiddleUITests.swift */,
				CD193CDE1BA4891500203B44 /* Info.plist */,
			);
			path = PadiddleUITests;
			sourceTree = "<group>";
		};
		CD42370B1BAB54CE0000E395 /* Color Picker */ = {
			isa = PBXGroup;
			children = (
				CD4237121BAB97FA0000E395 /* ColorPickerLayout.swift */,
				CD42370C1BAB54EB0000E395 /* ColorPickerViewController.swift */,
				CD5D4F021BACAA0000D4AABB /* PickerCell.swift */,
			);
			path = "Color Picker";
			sourceTree = "<group>";
		};
		CD42370E1BAB6F2D0000E395 /* View Model */ = {
			isa = PBXGroup;
			children = (
				CD5D4F081BACB0E700D4AABB /* ToolbarViewModel.swift */,
				CD42370F1BAB6F3E0000E395 /* ColorPickerViewModel.swift */,
				CDBF24291BC5DCA900A0785C /* DrawingViewModel.swift */,
			);
			name = "View Model";
			path = "View/View Model";
			sourceTree = "<group>";
		};
		CD5D4EFF1BACA0FE00D4AABB /* Utilities */ = {
			isa = PBXGroup;
			children = (
				CD5D4F001BACA10600D4AABB /* ArrayExtensions.swift */,
				CD5D4F061BACAD5200D4AABB /* Colors.swift */,
				CDBF24321BC5E66D00A0785C /* ScreenExtensions.swift */,
				CDBF24341BC5EB8200A0785C /* DeviceExtensions.swift */,
				CDBF24361BC5F56600A0785C /* ImageExtensions.swift */,
				7AE7217D1BD1A8B2001B7791 /* Geometry.swift */,
				7ACF44F11BD3118300CE7FB2 /* Weak.swift */,
			);
			path = Utilities;
			sourceTree = "<group>";
		};
		CDA035E01BA8AEAA0023F290 /* View */ = {
			isa = PBXGroup;
			children = (
				CDBF24251BC5D3FE00A0785C /* CounterRotatingViewController.swift */,
				CDBF242D1BC5DCE900A0785C /* Drawing */,
				CDA035E21BA8AEAA0023F290 /* RootViewController.swift */,
				CDA035E31BA8AEAA0023F290 /* ToolbarViewController.swift */,
				CD42370B1BAB54CE0000E395 /* Color Picker */,
			);
			path = View;
			sourceTree = "<group>";
		};
		CDA035E71BA8AED50023F290 /* Model */ = {
			isa = PBXGroup;
			children = (
				CDA035E81BA8B02D0023F290 /* ColorManager.swift */,
				CD5D4EFC1BAC867D00D4AABB /* Defaults.swift */,
				CD5D4F0A1BACB18200D4AABB /* ImageMaker.swift */,
			);
			path = Model;
			sourceTree = "<group>";
		};
		CDBF242D1BC5DCE900A0785C /* Drawing */ = {
			isa = PBXGroup;
			children = (
				CDBF242E1BC5DCE900A0785C /* DrawingView.swift */,
				CDBF242F1BC5DCE900A0785C /* DrawingViewController.swift */,
			);
			path = Drawing;
			sourceTree = "<group>";
		};
/* End PBXGroup section */

/* Begin PBXNativeTarget section */
		CD193CB81BA4891500203B44 /* Padiddle */ = {
			isa = PBXNativeTarget;
			buildConfigurationList = CD193CE11BA4891500203B44 /* Build configuration list for PBXNativeTarget "Padiddle" */;
			buildPhases = (
				CD193CB51BA4891500203B44 /* Sources */,
				CD193CB61BA4891500203B44 /* Frameworks */,
				CD193CB71BA4891500203B44 /* Resources */,
				CD118DBF1BA4E7C800668DB6 /* Build Number */,
				7ACF44EE1BD1B64500CE7FB2 /* Swiftlint */,
			);
			buildRules = (
			);
			dependencies = (
			);
			name = Padiddle;
			productName = Padiddle;
			productReference = CD193CB91BA4891500203B44 /* Padiddle.app */;
			productType = "com.apple.product-type.application";
		};
		CD193CCC1BA4891500203B44 /* PadiddleTests */ = {
			isa = PBXNativeTarget;
			buildConfigurationList = CD193CE41BA4891500203B44 /* Build configuration list for PBXNativeTarget "PadiddleTests" */;
			buildPhases = (
				CD193CC91BA4891500203B44 /* Sources */,
				CD193CCA1BA4891500203B44 /* Frameworks */,
				CD193CCB1BA4891500203B44 /* Resources */,
			);
			buildRules = (
			);
			dependencies = (
				CD193CCF1BA4891500203B44 /* PBXTargetDependency */,
			);
			name = PadiddleTests;
			productName = PadiddleTests;
			productReference = CD193CCD1BA4891500203B44 /* PadiddleTests.xctest */;
			productType = "com.apple.product-type.bundle.unit-test";
		};
		CD193CD71BA4891500203B44 /* PadiddleUITests */ = {
			isa = PBXNativeTarget;
			buildConfigurationList = CD193CE71BA4891500203B44 /* Build configuration list for PBXNativeTarget "PadiddleUITests" */;
			buildPhases = (
				CD193CD41BA4891500203B44 /* Sources */,
				CD193CD51BA4891500203B44 /* Frameworks */,
				CD193CD61BA4891500203B44 /* Resources */,
			);
			buildRules = (
			);
			dependencies = (
				CD193CDA1BA4891500203B44 /* PBXTargetDependency */,
			);
			name = PadiddleUITests;
			productName = PadiddleUITests;
			productReference = CD193CD81BA4891500203B44 /* PadiddleUITests.xctest */;
			productType = "com.apple.product-type.bundle.ui-testing";
		};
/* End PBXNativeTarget section */

/* Begin PBXProject section */
		CD193CB11BA4891500203B44 /* Project object */ = {
			isa = PBXProject;
			attributes = {
				LastSwiftUpdateCheck = 0710;
				LastUpgradeCheck = 0700;
				ORGANIZATIONNAME = "Zev Eisenberg";
				TargetAttributes = {
					CD193CB81BA4891500203B44 = {
						CreatedOnToolsVersion = 7.0;
						DevelopmentTeam = 2KJHM26Y46;
					};
					CD193CCC1BA4891500203B44 = {
						CreatedOnToolsVersion = 7.0;
						TestTargetID = CD193CB81BA4891500203B44;
					};
					CD193CD71BA4891500203B44 = {
						CreatedOnToolsVersion = 7.0;
						TestTargetID = CD193CB81BA4891500203B44;
					};
				};
			};
			buildConfigurationList = CD193CB41BA4891500203B44 /* Build configuration list for PBXProject "Padiddle" */;
			compatibilityVersion = "Xcode 3.2";
			developmentRegion = English;
			hasScannedForEncodings = 0;
			knownRegions = (
				en,
				Base,
			);
			mainGroup = CD193CB01BA4891500203B44;
			productRefGroup = CD193CBA1BA4891500203B44 /* Products */;
			projectDirPath = "";
			projectRoot = "";
			targets = (
				CD193CB81BA4891500203B44 /* Padiddle */,
				CD193CCC1BA4891500203B44 /* PadiddleTests */,
				CD193CD71BA4891500203B44 /* PadiddleUITests */,
			);
		};
/* End PBXProject section */

/* Begin PBXResourcesBuildPhase section */
		CD193CB71BA4891500203B44 /* Resources */ = {
			isa = PBXResourcesBuildPhase;
			buildActionMask = 2147483647;
			files = (
				CD118DC11BA5F65C00668DB6 /* Main.storyboard in Resources */,
				CD193CC71BA4891500203B44 /* LaunchScreen.storyboard in Resources */,
				CD193CC41BA4891500203B44 /* Assets.xcassets in Resources */,
			);
			runOnlyForDeploymentPostprocessing = 0;
		};
		CD193CCB1BA4891500203B44 /* Resources */ = {
			isa = PBXResourcesBuildPhase;
			buildActionMask = 2147483647;
			files = (
			);
			runOnlyForDeploymentPostprocessing = 0;
		};
		CD193CD61BA4891500203B44 /* Resources */ = {
			isa = PBXResourcesBuildPhase;
			buildActionMask = 2147483647;
			files = (
			);
			runOnlyForDeploymentPostprocessing = 0;
		};
/* End PBXResourcesBuildPhase section */

/* Begin PBXShellScriptBuildPhase section */
		7ACF44EE1BD1B64500CE7FB2 /* Swiftlint */ = {
			isa = PBXShellScriptBuildPhase;
			buildActionMask = 2147483647;
			files = (
			);
			inputPaths = (
			);
			name = Swiftlint;
			outputPaths = (
			);
			runOnlyForDeploymentPostprocessing = 0;
			shellPath = /bin/sh;
			shellScript = /usr/local/bin/swiftlint;
		};
		CD118DBF1BA4E7C800668DB6 /* Build Number */ = {
			isa = PBXShellScriptBuildPhase;
			buildActionMask = 2147483647;
			files = (
			);
			inputPaths = (
			);
			name = "Build Number";
			outputPaths = (
			);
			runOnlyForDeploymentPostprocessing = 0;
			shellPath = /bin/sh;
			shellScript = "# Set the build number to the current git commit count.\n# If we're using the Dev scheme, then we'll suffix the build\n# number with the current branch name, to make collisions\n# far less likely across feature branches.\n# Based on: http://w3facility.info/question/how-do-i-force-xcode-to-rebuild-the-info-plist-file-in-my-project-every-time-i-build-the-project/\n#\ngit=`sh /etc/profile; which git`\nappBuild=`\"$git\" rev-list --all |wc -l`\nif [ $CONFIGURATION = \"Debug\" ]; then\nbranchName=`\"$git\" rev-parse --abbrev-ref HEAD`\n/usr/libexec/PlistBuddy -c \"Set :CFBundleVersion $appBuild-$branchName\" \"${TARGET_BUILD_DIR}/${INFOPLIST_PATH}\"\nelse\n/usr/libexec/PlistBuddy -c \"Set :CFBundleVersion $appBuild\" \"${TARGET_BUILD_DIR}/${INFOPLIST_PATH}\"\nfi\necho \"Updated ${TARGET_BUILD_DIR}/${INFOPLIST_PATH}\"";
		};
/* End PBXShellScriptBuildPhase section */

/* Begin PBXSourcesBuildPhase section */
		CD193CB51BA4891500203B44 /* Sources */ = {
			isa = PBXSourcesBuildPhase;
			buildActionMask = 2147483647;
			files = (
				CD5D4F0B1BACB18200D4AABB /* ImageMaker.swift in Sources */,
				7AE7217E1BD1A8B2001B7791 /* Geometry.swift in Sources */,
				CD5D4EFD1BAC867D00D4AABB /* Defaults.swift in Sources */,
				CD5D4F071BACAD5200D4AABB /* Colors.swift in Sources */,
				CD5D4F011BACA10600D4AABB /* ArrayExtensions.swift in Sources */,
				CDA035E61BA8AEAA0023F290 /* ToolbarViewController.swift in Sources */,
				CDA035E91BA8B02D0023F290 /* ColorManager.swift in Sources */,
				CD42370D1BAB54EB0000E395 /* ColorPickerViewController.swift in Sources */,
				7ACF44F21BD3118300CE7FB2 /* Weak.swift in Sources */,
				CDBF24331BC5E66D00A0785C /* ScreenExtensions.swift in Sources */,
				CDA035E51BA8AEAA0023F290 /* RootViewController.swift in Sources */,
				CD193CBD1BA4891500203B44 /* AppDelegate.swift in Sources */,
				CDBF24351BC5EB8200A0785C /* DeviceExtensions.swift in Sources */,
				CDBF24311BC5DCE900A0785C /* DrawingViewController.swift in Sources */,
				CDBF242A1BC5DCA900A0785C /* DrawingViewModel.swift in Sources */,
				CD5D4F031BACAA0000D4AABB /* PickerCell.swift in Sources */,
				CDBF24261BC5D3FE00A0785C /* CounterRotatingViewController.swift in Sources */,
				CDBF24371BC5F56600A0785C /* ImageExtensions.swift in Sources */,
				CD5D4F091BACB0E700D4AABB /* ToolbarViewModel.swift in Sources */,
				CD4237131BAB97FA0000E395 /* ColorPickerLayout.swift in Sources */,
				CDBF24301BC5DCE900A0785C /* DrawingView.swift in Sources */,
				CD4237101BAB6F3E0000E395 /* ColorPickerViewModel.swift in Sources */,
			);
			runOnlyForDeploymentPostprocessing = 0;
		};
		CD193CC91BA4891500203B44 /* Sources */ = {
			isa = PBXSourcesBuildPhase;
			buildActionMask = 2147483647;
			files = (
				CD193CD21BA4891500203B44 /* PadiddleTests.swift in Sources */,
				7AE7217F1BD1A8B2001B7791 /* Geometry.swift in Sources */,
			);
			runOnlyForDeploymentPostprocessing = 0;
		};
		CD193CD41BA4891500203B44 /* Sources */ = {
			isa = PBXSourcesBuildPhase;
			buildActionMask = 2147483647;
			files = (
				CD193CDD1BA4891500203B44 /* PadiddleUITests.swift in Sources */,
			);
			runOnlyForDeploymentPostprocessing = 0;
		};
/* End PBXSourcesBuildPhase section */

/* Begin PBXTargetDependency section */
		CD193CCF1BA4891500203B44 /* PBXTargetDependency */ = {
			isa = PBXTargetDependency;
			target = CD193CB81BA4891500203B44 /* Padiddle */;
			targetProxy = CD193CCE1BA4891500203B44 /* PBXContainerItemProxy */;
		};
		CD193CDA1BA4891500203B44 /* PBXTargetDependency */ = {
			isa = PBXTargetDependency;
			target = CD193CB81BA4891500203B44 /* Padiddle */;
			targetProxy = CD193CD91BA4891500203B44 /* PBXContainerItemProxy */;
		};
/* End PBXTargetDependency section */

/* Begin PBXVariantGroup section */
		CD193CC51BA4891500203B44 /* LaunchScreen.storyboard */ = {
			isa = PBXVariantGroup;
			children = (
				CD193CC61BA4891500203B44 /* Base */,
			);
			name = LaunchScreen.storyboard;
			sourceTree = "<group>";
		};
/* End PBXVariantGroup section */

/* Begin XCBuildConfiguration section */
		CD193CDF1BA4891500203B44 /* Debug */ = {
			isa = XCBuildConfiguration;
			buildSettings = {
				ALWAYS_SEARCH_USER_PATHS = NO;
				CLANG_CXX_LANGUAGE_STANDARD = "gnu++0x";
				CLANG_CXX_LIBRARY = "libc++";
				CLANG_ENABLE_MODULES = YES;
				CLANG_ENABLE_OBJC_ARC = YES;
				CLANG_WARN_BOOL_CONVERSION = YES;
				CLANG_WARN_CONSTANT_CONVERSION = YES;
				CLANG_WARN_DIRECT_OBJC_ISA_USAGE = YES_ERROR;
				CLANG_WARN_EMPTY_BODY = YES;
				CLANG_WARN_ENUM_CONVERSION = YES;
				CLANG_WARN_INT_CONVERSION = YES;
				CLANG_WARN_OBJC_ROOT_CLASS = YES_ERROR;
				CLANG_WARN_UNREACHABLE_CODE = YES;
				CLANG_WARN__DUPLICATE_METHOD_MATCH = YES;
				"CODE_SIGN_IDENTITY[sdk=iphoneos*]" = "iPhone Developer";
				COPY_PHASE_STRIP = NO;
				DEBUG_INFORMATION_FORMAT = dwarf;
				ENABLE_STRICT_OBJC_MSGSEND = YES;
				ENABLE_TESTABILITY = YES;
				GCC_C_LANGUAGE_STANDARD = gnu99;
				GCC_DYNAMIC_NO_PIC = NO;
				GCC_NO_COMMON_BLOCKS = YES;
				GCC_OPTIMIZATION_LEVEL = 0;
				GCC_PREPROCESSOR_DEFINITIONS = (
					"DEBUG=1",
					"$(inherited)",
				);
				GCC_WARN_64_TO_32_BIT_CONVERSION = YES;
				GCC_WARN_ABOUT_RETURN_TYPE = YES_ERROR;
				GCC_WARN_UNDECLARED_SELECTOR = YES;
				GCC_WARN_UNINITIALIZED_AUTOS = YES_AGGRESSIVE;
				GCC_WARN_UNUSED_FUNCTION = YES;
				GCC_WARN_UNUSED_VARIABLE = YES;
				IPHONEOS_DEPLOYMENT_TARGET = 9.0;
				MTL_ENABLE_DEBUG_INFO = YES;
				ONLY_ACTIVE_ARCH = YES;
				SDKROOT = iphoneos;
				SWIFT_OPTIMIZATION_LEVEL = "-Onone";
				TARGETED_DEVICE_FAMILY = "1,2";
			};
			name = Debug;
		};
		CD193CE01BA4891500203B44 /* Release */ = {
			isa = XCBuildConfiguration;
			buildSettings = {
				ALWAYS_SEARCH_USER_PATHS = NO;
				CLANG_CXX_LANGUAGE_STANDARD = "gnu++0x";
				CLANG_CXX_LIBRARY = "libc++";
				CLANG_ENABLE_MODULES = YES;
				CLANG_ENABLE_OBJC_ARC = YES;
				CLANG_WARN_BOOL_CONVERSION = YES;
				CLANG_WARN_CONSTANT_CONVERSION = YES;
				CLANG_WARN_DIRECT_OBJC_ISA_USAGE = YES_ERROR;
				CLANG_WARN_EMPTY_BODY = YES;
				CLANG_WARN_ENUM_CONVERSION = YES;
				CLANG_WARN_INT_CONVERSION = YES;
				CLANG_WARN_OBJC_ROOT_CLASS = YES_ERROR;
				CLANG_WARN_UNREACHABLE_CODE = YES;
				CLANG_WARN__DUPLICATE_METHOD_MATCH = YES;
				"CODE_SIGN_IDENTITY[sdk=iphoneos*]" = "iPhone Developer";
				COPY_PHASE_STRIP = NO;
				DEBUG_INFORMATION_FORMAT = "dwarf-with-dsym";
				ENABLE_NS_ASSERTIONS = NO;
				ENABLE_STRICT_OBJC_MSGSEND = YES;
				GCC_C_LANGUAGE_STANDARD = gnu99;
				GCC_NO_COMMON_BLOCKS = YES;
				GCC_WARN_64_TO_32_BIT_CONVERSION = YES;
				GCC_WARN_ABOUT_RETURN_TYPE = YES_ERROR;
				GCC_WARN_UNDECLARED_SELECTOR = YES;
				GCC_WARN_UNINITIALIZED_AUTOS = YES_AGGRESSIVE;
				GCC_WARN_UNUSED_FUNCTION = YES;
				GCC_WARN_UNUSED_VARIABLE = YES;
				IPHONEOS_DEPLOYMENT_TARGET = 9.0;
				MTL_ENABLE_DEBUG_INFO = NO;
				SDKROOT = iphoneos;
				TARGETED_DEVICE_FAMILY = "1,2";
				VALIDATE_PRODUCT = YES;
			};
			name = Release;
		};
		CD193CE21BA4891500203B44 /* Debug */ = {
			isa = XCBuildConfiguration;
			buildSettings = {
				ASSETCATALOG_COMPILER_APPICON_NAME = AppIcon;
				CODE_SIGN_IDENTITY = "iPhone Developer";
				INFOPLIST_FILE = Padiddle/Info.plist;
				LD_RUNPATH_SEARCH_PATHS = "$(inherited) @executable_path/Frameworks";
				PRODUCT_BUNDLE_IDENTIFIER = com.zeveisenberg.Padiddle2;
				PRODUCT_NAME = "$(TARGET_NAME)";
			};
			name = Debug;
		};
		CD193CE31BA4891500203B44 /* Release */ = {
			isa = XCBuildConfiguration;
			buildSettings = {
				ASSETCATALOG_COMPILER_APPICON_NAME = AppIcon;
				CODE_SIGN_IDENTITY = "iPhone Developer";
				INFOPLIST_FILE = Padiddle/Info.plist;
				LD_RUNPATH_SEARCH_PATHS = "$(inherited) @executable_path/Frameworks";
				PRODUCT_BUNDLE_IDENTIFIER = com.zeveisenberg.Padiddle2;
				PRODUCT_NAME = "$(TARGET_NAME)";
			};
			name = Release;
		};
		CD193CE51BA4891500203B44 /* Debug */ = {
			isa = XCBuildConfiguration;
			buildSettings = {
				BUNDLE_LOADER = "$(TEST_HOST)";
				INFOPLIST_FILE = PadiddleTests/Info.plist;
				LD_RUNPATH_SEARCH_PATHS = "$(inherited) @executable_path/Frameworks @loader_path/Frameworks";
				PRODUCT_BUNDLE_IDENTIFIER = com.zeveisenberg.PadiddleTests;
				PRODUCT_NAME = "$(TARGET_NAME)";
				TEST_HOST = "$(BUILT_PRODUCTS_DIR)/Padiddle.app/Padiddle";
			};
			name = Debug;
		};
		CD193CE61BA4891500203B44 /* Release */ = {
			isa = XCBuildConfiguration;
			buildSettings = {
				BUNDLE_LOADER = "$(TEST_HOST)";
				INFOPLIST_FILE = PadiddleTests/Info.plist;
				LD_RUNPATH_SEARCH_PATHS = "$(inherited) @executable_path/Frameworks @loader_path/Frameworks";
				PRODUCT_BUNDLE_IDENTIFIER = com.zeveisenberg.PadiddleTests;
				PRODUCT_NAME = "$(TARGET_NAME)";
				TEST_HOST = "$(BUILT_PRODUCTS_DIR)/Padiddle.app/Padiddle";
			};
			name = Release;
		};
		CD193CE81BA4891500203B44 /* Debug */ = {
			isa = XCBuildConfiguration;
			buildSettings = {
				INFOPLIST_FILE = PadiddleUITests/Info.plist;
				LD_RUNPATH_SEARCH_PATHS = "$(inherited) @executable_path/Frameworks @loader_path/Frameworks";
				PRODUCT_BUNDLE_IDENTIFIER = com.zeveisenberg.PadiddleUITests;
				PRODUCT_NAME = "$(TARGET_NAME)";
				TEST_TARGET_NAME = Padiddle;
				USES_XCTRUNNER = YES;
			};
			name = Debug;
		};
		CD193CE91BA4891500203B44 /* Release */ = {
			isa = XCBuildConfiguration;
			buildSettings = {
				INFOPLIST_FILE = PadiddleUITests/Info.plist;
				LD_RUNPATH_SEARCH_PATHS = "$(inherited) @executable_path/Frameworks @loader_path/Frameworks";
				PRODUCT_BUNDLE_IDENTIFIER = com.zeveisenberg.PadiddleUITests;
				PRODUCT_NAME = "$(TARGET_NAME)";
				TEST_TARGET_NAME = Padiddle;
				USES_XCTRUNNER = YES;
			};
			name = Release;
		};
/* End XCBuildConfiguration section */

/* Begin XCConfigurationList section */
		CD193CB41BA4891500203B44 /* Build configuration list for PBXProject "Padiddle" */ = {
			isa = XCConfigurationList;
			buildConfigurations = (
				CD193CDF1BA4891500203B44 /* Debug */,
				CD193CE01BA4891500203B44 /* Release */,
			);
			defaultConfigurationIsVisible = 0;
			defaultConfigurationName = Release;
		};
		CD193CE11BA4891500203B44 /* Build configuration list for PBXNativeTarget "Padiddle" */ = {
			isa = XCConfigurationList;
			buildConfigurations = (
				CD193CE21BA4891500203B44 /* Debug */,
				CD193CE31BA4891500203B44 /* Release */,
			);
			defaultConfigurationIsVisible = 0;
			defaultConfigurationName = Release;
		};
		CD193CE41BA4891500203B44 /* Build configuration list for PBXNativeTarget "PadiddleTests" */ = {
			isa = XCConfigurationList;
			buildConfigurations = (
				CD193CE51BA4891500203B44 /* Debug */,
				CD193CE61BA4891500203B44 /* Release */,
			);
			defaultConfigurationIsVisible = 0;
			defaultConfigurationName = Release;
		};
		CD193CE71BA4891500203B44 /* Build configuration list for PBXNativeTarget "PadiddleUITests" */ = {
			isa = XCConfigurationList;
			buildConfigurations = (
				CD193CE81BA4891500203B44 /* Debug */,
				CD193CE91BA4891500203B44 /* Release */,
			);
			defaultConfigurationIsVisible = 0;
			defaultConfigurationName = Release;
		};
/* End XCConfigurationList section */
	};
	rootObject = CD193CB11BA4891500203B44 /* Project object */;
}
