// !$*UTF8*$!
{
	archiveVersion = 1;
	classes = {
	};
	objectVersion = 90;
	objects = {

/* Begin PBXBuildFile section */
		CD657F6B2DFD31C300215549 /* RealModule in Frameworks */ = {isa = PBXBuildFile; productRef = CD657F6A2DFD31C300215549 /* RealModule */; };
		CD9C7B8F24BF63290087FE69 /* BonMot in Frameworks */ = {isa = PBXBuildFile; productRef = CD9C7B8E24BF63290087FE69 /* BonMot */; };
		CD9C7B9224BF63450087FE69 /* Anchorage in Frameworks */ = {isa = PBXBuildFile; productRef = CD9C7B9124BF63450087FE69 /* Anchorage */; };
/* End PBXBuildFile section */

/* Begin PBXContainerItemProxy section */
		CD114B731CB80066001BBF75 /* PBXContainerItemProxy */ = {
			isa = PBXContainerItemProxy;
			containerPortal = CD193CB11BA4891500203B44 /* Project object */;
			proxyType = 1;
			remoteGlobalIDString = CD193CB81BA4891500203B44;
			remoteInfo = Padiddle;
		};
		CD193CCE1BA4891500203B44 /* PBXContainerItemProxy */ = {
			isa = PBXContainerItemProxy;
			containerPortal = CD193CB11BA4891500203B44 /* Project object */;
			proxyType = 1;
			remoteGlobalIDString = CD193CB81BA4891500203B44;
			remoteInfo = Padiddle;
		};
		CD193CD91BA4891500203B44 /* PBXContainerItemProxy */ = {
			isa = PBXContainerItemProxy;
			containerPortal = CD193CB11BA4891500203B44 /* Project object */;
			proxyType = 1;
			remoteGlobalIDString = CD193CB81BA4891500203B44;
			remoteInfo = Padiddle;
		};
/* End PBXContainerItemProxy section */

/* Begin PBXFileReference section */
		7075CF19A72744D6B4916191 /* Pods_PadiddleUITests.framework */ = {isa = PBXFileReference; explicitFileType = wrapper.framework; includeInIndex = 0; path = Pods_PadiddleUITests.framework; sourceTree = BUILT_PRODUCTS_DIR; };
		72A6CDF319C4FFE781A19C6C /* Pods_PadiddleTests.framework */ = {isa = PBXFileReference; explicitFileType = wrapper.framework; includeInIndex = 0; path = Pods_PadiddleTests.framework; sourceTree = BUILT_PRODUCTS_DIR; };
		CD114B6E1CB80066001BBF75 /* Screenshots.xctest */ = {isa = PBXFileReference; explicitFileType = wrapper.cfbundle; includeInIndex = 0; path = Screenshots.xctest; sourceTree = BUILT_PRODUCTS_DIR; };
		CD193CB91BA4891500203B44 /* Padiddle.app */ = {isa = PBXFileReference; explicitFileType = wrapper.application; includeInIndex = 0; path = Padiddle.app; sourceTree = BUILT_PRODUCTS_DIR; };
		CD193CCD1BA4891500203B44 /* PadiddleTests.xctest */ = {isa = PBXFileReference; explicitFileType = wrapper.cfbundle; includeInIndex = 0; path = PadiddleTests.xctest; sourceTree = BUILT_PRODUCTS_DIR; };
		CD193CD81BA4891500203B44 /* PadiddleUITests.xctest */ = {isa = PBXFileReference; explicitFileType = wrapper.cfbundle; includeInIndex = 0; path = PadiddleUITests.xctest; sourceTree = BUILT_PRODUCTS_DIR; };
		E639A2B444C2F23A3DB2D09E /* Pods_Padiddle.framework */ = {isa = PBXFileReference; explicitFileType = wrapper.framework; includeInIndex = 0; path = Pods_Padiddle.framework; sourceTree = BUILT_PRODUCTS_DIR; };
/* End PBXFileReference section */

/* Begin PBXFileSystemSynchronizedBuildFileExceptionSet section */
		CD4E0A882DFD562200FBBC4C /* Exceptions for "PadiddleTests" folder in "PadiddleTests" target */ = {
			isa = PBXFileSystemSynchronizedBuildFileExceptionSet;
			membershipExceptions = (
				Info.plist,
			);
			target = CD193CCC1BA4891500203B44 /* PadiddleTests */;
		};
		CD4E0A962DFD563B00FBBC4C /* Exceptions for "PadiddleUITests" folder in "PadiddleUITests" target */ = {
			isa = PBXFileSystemSynchronizedBuildFileExceptionSet;
			membershipExceptions = (
				PadiddleUITests.swift,
			);
			target = CD193CD71BA4891500203B44 /* PadiddleUITests */;
		};
		CD4E0ABD2DFD565C00FBBC4C /* Exceptions for "Screenshots" folder in "Screenshots" target */ = {
			isa = PBXFileSystemSynchronizedBuildFileExceptionSet;
			membershipExceptions = (
				Screenshots.swift,
				SnapshotHelper.swift,
			);
			target = CD114B6D1CB80066001BBF75 /* Screenshots */;
		};
		CD4E0B2A2DFD56B100FBBC4C /* Exceptions for "Padiddle" folder in "Padiddle" target */ = {
			isa = PBXFileSystemSynchronizedBuildFileExceptionSet;
			membershipExceptions = (
				Info.plist,
			);
			target = CD193CB81BA4891500203B44 /* Padiddle */;
		};
		CD4E0B2B2DFD56B100FBBC4C /* Exceptions for "Padiddle" folder in "PadiddleTests" target */ = {
			isa = PBXFileSystemSynchronizedBuildFileExceptionSet;
			membershipExceptions = (
				Utilities/AccessibilityIdentifierExtensions.swift,
				Utilities/ArrayExtensions.swift,
				Utilities/Geometry.swift,
				Utilities/Math.swift,
				View/AccessibleToggleButton.swift,
			);
			target = CD193CCC1BA4891500203B44 /* PadiddleTests */;
		};
/* End PBXFileSystemSynchronizedBuildFileExceptionSet section */

/* Begin PBXFileSystemSynchronizedRootGroup section */
		CD4E0A822DFD562100FBBC4C /* PadiddleTests */ = {
			isa = PBXFileSystemSynchronizedRootGroup;
			exceptions = (
				CD4E0A882DFD562200FBBC4C /* Exceptions for "PadiddleTests" folder in "PadiddleTests" target */,
			);
			path = PadiddleTests;
			sourceTree = "<group>";
		};
		CD4E0A942DFD563B00FBBC4C /* PadiddleUITests */ = {
			isa = PBXFileSystemSynchronizedRootGroup;
			exceptions = (
				CD4E0A962DFD563B00FBBC4C /* Exceptions for "PadiddleUITests" folder in "PadiddleUITests" target */,
			);
			path = PadiddleUITests;
			sourceTree = "<group>";
		};
		CD4E0ABA2DFD565C00FBBC4C /* Screenshots */ = {
			isa = PBXFileSystemSynchronizedRootGroup;
			exceptions = (
				CD4E0ABD2DFD565C00FBBC4C /* Exceptions for "Screenshots" folder in "Screenshots" target */,
			);
			path = Screenshots;
			sourceTree = "<group>";
		};
		CD4E0AF92DFD56B100FBBC4C /* Padiddle */ = {
			isa = PBXFileSystemSynchronizedRootGroup;
			exceptions = (
				CD4E0B2A2DFD56B100FBBC4C /* Exceptions for "Padiddle" folder in "Padiddle" target */,
				CD4E0B2B2DFD56B100FBBC4C /* Exceptions for "Padiddle" folder in "PadiddleTests" target */,
			);
			path = Padiddle;
			sourceTree = "<group>";
		};
		CD63C30E2DFD2DD70045F7ED /* Experiments */ = {
			isa = PBXFileSystemSynchronizedRootGroup;
			path = Experiments;
			sourceTree = "<group>";
		};
/* End PBXFileSystemSynchronizedRootGroup section */

/* Begin PBXFrameworksBuildPhase section */
		CD114B6B1CB80066001BBF75 /* Frameworks */ = {
			isa = PBXFrameworksBuildPhase;
			files = (
			);
		};
		CD193CB61BA4891500203B44 /* Frameworks */ = {
			isa = PBXFrameworksBuildPhase;
			files = (
				CD9C7B9224BF63450087FE69 /* Anchorage in Frameworks */,
				CD9C7B8F24BF63290087FE69 /* BonMot in Frameworks */,
			);
		};
		CD193CCA1BA4891500203B44 /* Frameworks */ = {
			isa = PBXFrameworksBuildPhase;
			files = (
				CD657F6B2DFD31C300215549 /* RealModule in Frameworks */,
			);
		};
		CD193CD51BA4891500203B44 /* Frameworks */ = {
			isa = PBXFrameworksBuildPhase;
			files = (
			);
		};
/* End PBXFrameworksBuildPhase section */

/* Begin PBXGroup section */
		A654FC30C20C02D41519486C /* Frameworks */ = {
			isa = PBXGroup;
			children = (
				E639A2B444C2F23A3DB2D09E /* Pods_Padiddle.framework */,
				72A6CDF319C4FFE781A19C6C /* Pods_PadiddleTests.framework */,
				7075CF19A72744D6B4916191 /* Pods_PadiddleUITests.framework */,
			);
			name = Frameworks;
			sourceTree = "<group>";
		};
		CD193CB01BA4891500203B44 = {
			isa = PBXGroup;
			children = (
				CD63C30E2DFD2DD70045F7ED /* Experiments */,
				CD4E0AF92DFD56B100FBBC4C /* Padiddle */,
				CD4E0A822DFD562100FBBC4C /* PadiddleTests */,
				CD4E0A942DFD563B00FBBC4C /* PadiddleUITests */,
				CD193CBA1BA4891500203B44 /* Products */,
				CD4E0ABA2DFD565C00FBBC4C /* Screenshots */,
				A654FC30C20C02D41519486C /* Frameworks */,
			);
			sourceTree = "<group>";
		};
		CD193CBA1BA4891500203B44 /* Products */ = {
			isa = PBXGroup;
			children = (
				CD193CB91BA4891500203B44 /* Padiddle.app */,
				CD193CCD1BA4891500203B44 /* PadiddleTests.xctest */,
				CD193CD81BA4891500203B44 /* PadiddleUITests.xctest */,
				CD114B6E1CB80066001BBF75 /* Screenshots.xctest */,
			);
			name = Products;
			sourceTree = "<group>";
		};
/* End PBXGroup section */

/* Begin PBXNativeTarget section */
		CD114B6D1CB80066001BBF75 /* Screenshots */ = {
			isa = PBXNativeTarget;
			buildConfigurationList = CD114B771CB80066001BBF75 /* Build configuration list for PBXNativeTarget "Screenshots" */;
			buildPhases = (
				CD114B6A1CB80066001BBF75 /* Sources */,
				CD114B6B1CB80066001BBF75 /* Frameworks */,
				CD114B6C1CB80066001BBF75 /* Resources */,
			);
			buildRules = (
			);
			dependencies = (
				CD114B741CB80066001BBF75 /* PBXTargetDependency */,
			);
			name = Screenshots;
			productName = Screenshots;
			productReference = CD114B6E1CB80066001BBF75 /* Screenshots.xctest */;
			productType = "com.apple.product-type.bundle.ui-testing";
		};
		CD193CB81BA4891500203B44 /* Padiddle */ = {
			isa = PBXNativeTarget;
			buildConfigurationList = CD193CE11BA4891500203B44 /* Build configuration list for PBXNativeTarget "Padiddle" */;
			buildPhases = (
				CD63C30B2DFD285F0045F7ED /* Check Dev Environment for Common Errors */,
				CD193CB51BA4891500203B44 /* Sources */,
				CD193CB61BA4891500203B44 /* Frameworks */,
				CD193CB71BA4891500203B44 /* Resources */,
				CD118DBF1BA4E7C800668DB6 /* Build Number */,
				CDD3A43E1CCE933500569E38 /* Copy Screenshot Images If Needed */,
			);
			buildRules = (
			);
			fileSystemSynchronizedGroups = (
				CD4E0AF92DFD56B100FBBC4C /* Padiddle */,
			);
			name = Padiddle;
			packageProductDependencies = (
				CD9C7B8E24BF63290087FE69 /* BonMot */,
				CD9C7B9124BF63450087FE69 /* Anchorage */,
			);
			productName = Padiddle;
			productReference = CD193CB91BA4891500203B44 /* Padiddle.app */;
			productType = "com.apple.product-type.application";
		};
		CD193CCC1BA4891500203B44 /* PadiddleTests */ = {
			isa = PBXNativeTarget;
			buildConfigurationList = CD193CE41BA4891500203B44 /* Build configuration list for PBXNativeTarget "PadiddleTests" */;
			buildPhases = (
				CD193CC91BA4891500203B44 /* Sources */,
				CD193CCA1BA4891500203B44 /* Frameworks */,
				CD193CCB1BA4891500203B44 /* Resources */,
			);
			buildRules = (
			);
			dependencies = (
				CD193CCF1BA4891500203B44 /* PBXTargetDependency */,
			);
			fileSystemSynchronizedGroups = (
				CD4E0A822DFD562100FBBC4C /* PadiddleTests */,
			);
			name = PadiddleTests;
			packageProductDependencies = (
				CD657F6A2DFD31C300215549 /* RealModule */,
			);
			productName = PadiddleTests;
			productReference = CD193CCD1BA4891500203B44 /* PadiddleTests.xctest */;
			productType = "com.apple.product-type.bundle.unit-test";
		};
		CD193CD71BA4891500203B44 /* PadiddleUITests */ = {
			isa = PBXNativeTarget;
			buildConfigurationList = CD193CE71BA4891500203B44 /* Build configuration list for PBXNativeTarget "PadiddleUITests" */;
			buildPhases = (
				CD193CD41BA4891500203B44 /* Sources */,
				CD193CD51BA4891500203B44 /* Frameworks */,
				CD193CD61BA4891500203B44 /* Resources */,
			);
			buildRules = (
			);
			dependencies = (
				CD193CDA1BA4891500203B44 /* PBXTargetDependency */,
			);
			name = PadiddleUITests;
			productName = PadiddleUITests;
			productReference = CD193CD81BA4891500203B44 /* PadiddleUITests.xctest */;
			productType = "com.apple.product-type.bundle.ui-testing";
		};
/* End PBXNativeTarget section */

/* Begin PBXProject section */
		CD193CB11BA4891500203B44 /* Project object */ = {
			isa = PBXProject;
			attributes = {
				BuildIndependentTargetsInParallel = YES;
				LastSwiftUpdateCheck = 0730;
				LastUpgradeCheck = 2600;
				ORGANIZATIONNAME = "Zev Eisenberg";
				TargetAttributes = {
					CD114B6D1CB80066001BBF75 = {
						CreatedOnToolsVersion = 7.3;
						LastSwiftMigration = 1020;
						TestTargetID = CD193CB81BA4891500203B44;
					};
					CD193CB81BA4891500203B44 = {
						CreatedOnToolsVersion = 7.0;
						DevelopmentTeam = 2KJHM26Y46;
						LastSwiftMigration = 1020;
						ProvisioningStyle = Automatic;
					};
					CD193CCC1BA4891500203B44 = {
						CreatedOnToolsVersion = 7.0;
						DevelopmentTeam = 2KJHM26Y46;
						LastSwiftMigration = 1020;
					};
					CD193CD71BA4891500203B44 = {
						CreatedOnToolsVersion = 7.0;
						LastSwiftMigration = 1020;
						TestTargetID = CD193CB81BA4891500203B44;
					};
				};
			};
			buildConfigurationList = CD193CB41BA4891500203B44 /* Build configuration list for PBXProject "Padiddle" */;
			developmentRegion = en;
			hasScannedForEncodings = 0;
			knownRegions = (
				Base,
				fr,
				"zh-Hans",
				"zh-Hant",
				it,
				nl,
				en,
			);
			mainGroup = CD193CB01BA4891500203B44;
			packageReferences = (
				CD9C7B8D24BF63290087FE69 /* XCRemoteSwiftPackageReference "BonMot" */,
				CD9C7B9024BF63450087FE69 /* XCRemoteSwiftPackageReference "Anchorage" */,
				CD657F692DFD31C300215549 /* XCRemoteSwiftPackageReference "swift-numerics" */,
			);
			preferredProjectObjectVersion = 90;
			productRefGroup = CD193CBA1BA4891500203B44 /* Products */;
			projectDirPath = "";
			projectRoot = "";
			targets = (
				CD193CB81BA4891500203B44 /* Padiddle */,
				CD193CCC1BA4891500203B44 /* PadiddleTests */,
				CD193CD71BA4891500203B44 /* PadiddleUITests */,
				CD114B6D1CB80066001BBF75 /* Screenshots */,
			);
		};
/* End PBXProject section */

/* Begin PBXResourcesBuildPhase section */
		CD114B6C1CB80066001BBF75 /* Resources */ = {
			isa = PBXResourcesBuildPhase;
			files = (
			);
		};
		CD193CB71BA4891500203B44 /* Resources */ = {
			isa = PBXResourcesBuildPhase;
			files = (
			);
		};
		CD193CCB1BA4891500203B44 /* Resources */ = {
			isa = PBXResourcesBuildPhase;
			files = (
			);
		};
		CD193CD61BA4891500203B44 /* Resources */ = {
			isa = PBXResourcesBuildPhase;
			files = (
			);
		};
/* End PBXResourcesBuildPhase section */

/* Begin PBXShellScriptBuildPhase section */
		CD118DBF1BA4E7C800668DB6 /* Build Number */ = {
			isa = PBXShellScriptBuildPhase;
			name = "Build Number";
			shellPath = /bin/sh;
			shellScript = (
				"# Set the build number to the current git commit count.",
				"# If we're using the Dev scheme, then we'll suffix the build",
				"# number with the current branch name, to make collisions",
				"# far less likely across feature branches.",
				"# Based on: http://w3facility.info/question/how-do-i-force-xcode-to-rebuild-the-info-plist-file-in-my-project-every-time-i-build-the-project/",
				"#",
				"git=`sh /etc/profile; which git`",
				"appBuild=`\"$git\" rev-list --all |wc -l`",
				"if [ $CONFIGURATION = \"Debug\" ]; then",
				"    branchName=`\"$git\" rev-parse --abbrev-ref HEAD`",
				"    /usr/libexec/PlistBuddy -c \"Set :CFBundleVersion $appBuild-$branchName\" \"${TARGET_BUILD_DIR}/${INFOPLIST_PATH}\"",
				"else",
				"    /usr/libexec/PlistBuddy -c \"Set :CFBundleVersion $appBuild\" \"${TARGET_BUILD_DIR}/${INFOPLIST_PATH}\"",
				"fi",
				"echo \"Updated ${TARGET_BUILD_DIR}/${INFOPLIST_PATH}\"",
				"",
				"",
				"",
			);
		};
		CD63C30B2DFD285F0045F7ED /* Check Dev Environment for Common Errors */ = {
			isa = PBXShellScriptBuildPhase;
			alwaysOutOfDate = 1;
			name = "Check Dev Environment for Common Errors";
			shellPath = /bin/sh;
			shellScript = (
				"\"${SRCROOT}/Scripts/environment-check.sh\"",
				"",
				"",
				"",
			);
		};
		CDD3A43E1CCE933500569E38 /* Copy Screenshot Images If Needed */ = {
			isa = PBXShellScriptBuildPhase;
			alwaysOutOfDate = 1;
			name = "Copy Screenshot Images If Needed";
			shellPath = /bin/sh;
			shellScript = (
				"set -ex",
				"set -o pipefail",
				"",
				"if [[ $FASTLANE_SNAPSHOT == \"YES\" ]]; then",
				"    cp \"${SRCROOT}\"/Screenshots/ScreenshotPersistedImage* \"${BUILT_PRODUCTS_DIR}\"/\"${PRODUCT_NAME}\".app/",
				"fi",
				"",
				"",
				"",
			);
		};
/* End PBXShellScriptBuildPhase section */

/* Begin PBXSourcesBuildPhase section */
		CD114B6A1CB80066001BBF75 /* Sources */ = {
			isa = PBXSourcesBuildPhase;
			files = (
			);
		};
		CD193CB51BA4891500203B44 /* Sources */ = {
			isa = PBXSourcesBuildPhase;
			files = (
			);
		};
		CD193CC91BA4891500203B44 /* Sources */ = {
			isa = PBXSourcesBuildPhase;
			files = (
			);
		};
		CD193CD41BA4891500203B44 /* Sources */ = {
			isa = PBXSourcesBuildPhase;
			files = (
			);
		};
/* End PBXSourcesBuildPhase section */

/* Begin PBXTargetDependency section */
		CD114B741CB80066001BBF75 /* PBXTargetDependency */ = {
			isa = PBXTargetDependency;
			target = CD193CB81BA4891500203B44 /* Padiddle */;
			targetProxy = CD114B731CB80066001BBF75 /* PBXContainerItemProxy */;
		};
		CD193CCF1BA4891500203B44 /* PBXTargetDependency */ = {
			isa = PBXTargetDependency;
			target = CD193CB81BA4891500203B44 /* Padiddle */;
			targetProxy = CD193CCE1BA4891500203B44 /* PBXContainerItemProxy */;
		};
		CD193CDA1BA4891500203B44 /* PBXTargetDependency */ = {
			isa = PBXTargetDependency;
			target = CD193CB81BA4891500203B44 /* Padiddle */;
			targetProxy = CD193CD91BA4891500203B44 /* PBXContainerItemProxy */;
		};
/* End PBXTargetDependency section */

/* Begin XCBuildConfiguration section */
		CD114B751CB80066001BBF75 /* Debug configuration for PBXNativeTarget "Screenshots" */ = {
			isa = XCBuildConfiguration;
			buildSettings = {
				CLANG_ANALYZER_NONNULL = YES;
				INFOPLIST_FILE = Screenshots/Info.plist;
				LD_RUNPATH_SEARCH_PATHS = (
					"$(inherited)",
					"@executable_path/Frameworks",
					"@loader_path/Frameworks",
				);
				OTHER_SWIFT_FLAGS = "-DDEBUG $(inherited)";
				PRODUCT_BUNDLE_IDENTIFIER = com.zeveisenberg.Screenshots;
				PRODUCT_NAME = "$(TARGET_NAME)";
				TEST_TARGET_NAME = Padiddle;
			};
			name = Debug;
		};
		CD114B761CB80066001BBF75 /* Release configuration for PBXNativeTarget "Screenshots" */ = {
			isa = XCBuildConfiguration;
			buildSettings = {
				CLANG_ANALYZER_NONNULL = YES;
				INFOPLIST_FILE = Screenshots/Info.plist;
				LD_RUNPATH_SEARCH_PATHS = (
					"$(inherited)",
					"@executable_path/Frameworks",
					"@loader_path/Frameworks",
				);
				OTHER_SWIFT_FLAGS = "-DSCREENSHOTS $(inherited)";
				PRODUCT_BUNDLE_IDENTIFIER = com.zeveisenberg.Screenshots;
				PRODUCT_NAME = "$(TARGET_NAME)";
				SWIFT_COMPILATION_MODE = wholemodule;
				SWIFT_OPTIMIZATION_LEVEL = "-O";
				TEST_TARGET_NAME = Padiddle;
			};
			name = Release;
		};
		CD193CDF1BA4891500203B44 /* Debug configuration for PBXProject "Padiddle" */ = {
			isa = XCBuildConfiguration;
			buildSettings = {
				ALWAYS_SEARCH_USER_PATHS = NO;
				ASSETCATALOG_COMPILER_GENERATE_SWIFT_ASSET_SYMBOL_EXTENSIONS = YES;
				CLANG_ANALYZER_LOCALIZABILITY_NONLOCALIZED = YES;
				CLANG_CXX_LANGUAGE_STANDARD = "gnu++0x";
				CLANG_CXX_LIBRARY = "libc++";
				CLANG_ENABLE_MODULES = YES;
				CLANG_ENABLE_OBJC_ARC = YES;
				CLANG_WARN_BLOCK_CAPTURE_AUTORELEASING = YES;
				CLANG_WARN_BOOL_CONVERSION = YES;
				CLANG_WARN_COMMA = YES;
				CLANG_WARN_CONSTANT_CONVERSION = YES;
				CLANG_WARN_DEPRECATED_OBJC_IMPLEMENTATIONS = YES;
				CLANG_WARN_DIRECT_OBJC_ISA_USAGE = YES_ERROR;
				CLANG_WARN_EMPTY_BODY = YES;
				CLANG_WARN_ENUM_CONVERSION = YES;
				CLANG_WARN_INFINITE_RECURSION = YES;
				CLANG_WARN_INT_CONVERSION = YES;
				CLANG_WARN_NON_LITERAL_NULL_CONVERSION = YES;
				CLANG_WARN_OBJC_IMPLICIT_RETAIN_SELF = YES;
				CLANG_WARN_OBJC_LITERAL_CONVERSION = YES;
				CLANG_WARN_OBJC_ROOT_CLASS = YES_ERROR;
				CLANG_WARN_QUOTED_INCLUDE_IN_FRAMEWORK_HEADER = YES;
				CLANG_WARN_RANGE_LOOP_ANALYSIS = YES;
				CLANG_WARN_STRICT_PROTOTYPES = YES;
				CLANG_WARN_SUSPICIOUS_MOVE = YES;
				CLANG_WARN_UNREACHABLE_CODE = YES;
				CLANG_WARN__DUPLICATE_METHOD_MATCH = YES;
				"CODE_SIGN_IDENTITY[sdk=iphoneos*]" = "iPhone Developer";
				COPY_PHASE_STRIP = NO;
				DEBUG_INFORMATION_FORMAT = dwarf;
				DEVELOPMENT_TEAM = 2KJHM26Y46;
				ENABLE_STRICT_OBJC_MSGSEND = YES;
				ENABLE_TESTABILITY = YES;
				GCC_C_LANGUAGE_STANDARD = gnu99;
				GCC_DYNAMIC_NO_PIC = NO;
				GCC_NO_COMMON_BLOCKS = YES;
				GCC_OPTIMIZATION_LEVEL = 0;
				GCC_PREPROCESSOR_DEFINITIONS = (
					"DEBUG=1",
					"$(inherited)",
				);
				GCC_WARN_64_TO_32_BIT_CONVERSION = YES;
				GCC_WARN_ABOUT_RETURN_TYPE = YES_ERROR;
				GCC_WARN_UNDECLARED_SELECTOR = YES;
				GCC_WARN_UNINITIALIZED_AUTOS = YES_AGGRESSIVE;
				GCC_WARN_UNUSED_FUNCTION = YES;
				GCC_WARN_UNUSED_VARIABLE = YES;
				IPHONEOS_DEPLOYMENT_TARGET = 26.0;
				LOCALIZATION_PREFERS_STRING_CATALOGS = YES;
				MTL_ENABLE_DEBUG_INFO = YES;
				ONLY_ACTIVE_ARCH = YES;
				SDKROOT = iphoneos;
				STRING_CATALOG_GENERATE_SYMBOLS = YES;
				SWIFT_EMIT_LOC_STRINGS = YES;
				SWIFT_OPTIMIZATION_LEVEL = "-Onone";
				SWIFT_VERSION = 6.0;
				TARGETED_DEVICE_FAMILY = "1,2";
			};
			name = Debug;
		};
		CD193CE01BA4891500203B44 /* Release configuration for PBXProject "Padiddle" */ = {
			isa = XCBuildConfiguration;
			buildSettings = {
				ALWAYS_SEARCH_USER_PATHS = NO;
				ASSETCATALOG_COMPILER_GENERATE_SWIFT_ASSET_SYMBOL_EXTENSIONS = YES;
				CLANG_ANALYZER_LOCALIZABILITY_NONLOCALIZED = YES;
				CLANG_CXX_LANGUAGE_STANDARD = "gnu++0x";
				CLANG_CXX_LIBRARY = "libc++";
				CLANG_ENABLE_MODULES = YES;
				CLANG_ENABLE_OBJC_ARC = YES;
				CLANG_WARN_BLOCK_CAPTURE_AUTORELEASING = YES;
				CLANG_WARN_BOOL_CONVERSION = YES;
				CLANG_WARN_COMMA = YES;
				CLANG_WARN_CONSTANT_CONVERSION = YES;
				CLANG_WARN_DEPRECATED_OBJC_IMPLEMENTATIONS = YES;
				CLANG_WARN_DIRECT_OBJC_ISA_USAGE = YES_ERROR;
				CLANG_WARN_EMPTY_BODY = YES;
				CLANG_WARN_ENUM_CONVERSION = YES;
				CLANG_WARN_INFINITE_RECURSION = YES;
				CLANG_WARN_INT_CONVERSION = YES;
				CLANG_WARN_NON_LITERAL_NULL_CONVERSION = YES;
				CLANG_WARN_OBJC_IMPLICIT_RETAIN_SELF = YES;
				CLANG_WARN_OBJC_LITERAL_CONVERSION = YES;
				CLANG_WARN_OBJC_ROOT_CLASS = YES_ERROR;
				CLANG_WARN_QUOTED_INCLUDE_IN_FRAMEWORK_HEADER = YES;
				CLANG_WARN_RANGE_LOOP_ANALYSIS = YES;
				CLANG_WARN_STRICT_PROTOTYPES = YES;
				CLANG_WARN_SUSPICIOUS_MOVE = YES;
				CLANG_WARN_UNREACHABLE_CODE = YES;
				CLANG_WARN__DUPLICATE_METHOD_MATCH = YES;
				"CODE_SIGN_IDENTITY[sdk=iphoneos*]" = "iPhone Developer";
				COPY_PHASE_STRIP = NO;
				DEBUG_INFORMATION_FORMAT = "dwarf-with-dsym";
				DEVELOPMENT_TEAM = 2KJHM26Y46;
				ENABLE_NS_ASSERTIONS = NO;
				ENABLE_STRICT_OBJC_MSGSEND = YES;
				GCC_C_LANGUAGE_STANDARD = gnu99;
				GCC_NO_COMMON_BLOCKS = YES;
				GCC_WARN_64_TO_32_BIT_CONVERSION = YES;
				GCC_WARN_ABOUT_RETURN_TYPE = YES_ERROR;
				GCC_WARN_UNDECLARED_SELECTOR = YES;
				GCC_WARN_UNINITIALIZED_AUTOS = YES_AGGRESSIVE;
				GCC_WARN_UNUSED_FUNCTION = YES;
				GCC_WARN_UNUSED_VARIABLE = YES;
				IPHONEOS_DEPLOYMENT_TARGET = 26.0;
				LOCALIZATION_PREFERS_STRING_CATALOGS = YES;
				MTL_ENABLE_DEBUG_INFO = NO;
				SDKROOT = iphoneos;
				STRING_CATALOG_GENERATE_SYMBOLS = YES;
				SWIFT_EMIT_LOC_STRINGS = YES;
				SWIFT_VERSION = 6.0;
				TARGETED_DEVICE_FAMILY = "1,2";
				VALIDATE_PRODUCT = YES;
			};
			name = Release;
		};
		CD193CE21BA4891500203B44 /* Debug configuration for PBXNativeTarget "Padiddle" */ = {
			isa = XCBuildConfiguration;
			buildSettings = {
				ASSETCATALOG_COMPILER_APPICON_NAME = AppIcon;
				ASSETCATALOG_COMPILER_GLOBAL_ACCENT_COLOR_NAME = AccentColor;
				CLANG_ANALYZER_LOCALIZABILITY_EMPTY_CONTEXT = YES;
				CLANG_ANALYZER_LOCALIZABILITY_NONLOCALIZED = YES;
				CODE_SIGN_IDENTITY = "iPhone Developer";
				"CODE_SIGN_IDENTITY[sdk=iphoneos*]" = "iPhone Developer";
				INFOPLIST_FILE = Padiddle/Info.plist;
				LD_RUNPATH_SEARCH_PATHS = (
					"$(inherited)",
					"@executable_path/Frameworks",
				);
				MARKETING_VERSION = 2.2.3;
				OTHER_SWIFT_FLAGS = "-DDEBUG $(inherited)";
				PRODUCT_BUNDLE_IDENTIFIER = "com.zeveisenberg.${PRODUCT_NAME:rfc1034identifier}";
				PRODUCT_NAME = "$(TARGET_NAME)";
				SWIFT_DEFAULT_ACTOR_ISOLATION = MainActor;
			};
			name = Debug;
		};
		CD193CE31BA4891500203B44 /* Release configuration for PBXNativeTarget "Padiddle" */ = {
			isa = XCBuildConfiguration;
			buildSettings = {
				ASSETCATALOG_COMPILER_APPICON_NAME = AppIcon;
				ASSETCATALOG_COMPILER_GLOBAL_ACCENT_COLOR_NAME = AccentColor;
				CLANG_ANALYZER_LOCALIZABILITY_EMPTY_CONTEXT = YES;
				CLANG_ANALYZER_LOCALIZABILITY_NONLOCALIZED = YES;
				CODE_SIGN_IDENTITY = "iPhone Distribution";
				"CODE_SIGN_IDENTITY[sdk=iphoneos*]" = "iPhone Developer";
				INFOPLIST_FILE = Padiddle/Info.plist;
				LD_RUNPATH_SEARCH_PATHS = (
					"$(inherited)",
					"@executable_path/Frameworks",
				);
				MARKETING_VERSION = 2.2.3;
				OTHER_SWIFT_FLAGS = "$(inherited)";
				PRODUCT_BUNDLE_IDENTIFIER = "com.zeveisenberg.${PRODUCT_NAME:rfc1034identifier}";
				PRODUCT_NAME = "$(TARGET_NAME)";
				SWIFT_COMPILATION_MODE = wholemodule;
				SWIFT_DEFAULT_ACTOR_ISOLATION = MainActor;
				SWIFT_OPTIMIZATION_LEVEL = "-O";
			};
			name = Release;
		};
		CD193CE51BA4891500203B44 /* Debug configuration for PBXNativeTarget "PadiddleTests" */ = {
			isa = XCBuildConfiguration;
			buildSettings = {
				INFOPLIST_FILE = PadiddleTests/Info.plist;
				LD_RUNPATH_SEARCH_PATHS = (
					"$(inherited)",
					"@executable_path/Frameworks",
					"@loader_path/Frameworks",
				);
				PRODUCT_BUNDLE_IDENTIFIER = com.zeveisenberg.PadiddleTests;
				PRODUCT_NAME = "$(TARGET_NAME)";
			};
			name = Debug;
		};
		CD193CE61BA4891500203B44 /* Release configuration for PBXNativeTarget "PadiddleTests" */ = {
			isa = XCBuildConfiguration;
			buildSettings = {
				INFOPLIST_FILE = PadiddleTests/Info.plist;
				LD_RUNPATH_SEARCH_PATHS = (
					"$(inherited)",
					"@executable_path/Frameworks",
					"@loader_path/Frameworks",
				);
				PRODUCT_BUNDLE_IDENTIFIER = com.zeveisenberg.PadiddleTests;
				PRODUCT_NAME = "$(TARGET_NAME)";
				SWIFT_COMPILATION_MODE = wholemodule;
				SWIFT_OPTIMIZATION_LEVEL = "-O";
			};
			name = Release;
		};
		CD193CE81BA4891500203B44 /* Debug configuration for PBXNativeTarget "PadiddleUITests" */ = {
			isa = XCBuildConfiguration;
			buildSettings = {
				INFOPLIST_FILE = PadiddleUITests/Info.plist;
				LD_RUNPATH_SEARCH_PATHS = (
					"$(inherited)",
					"@executable_path/Frameworks",
					"@loader_path/Frameworks",
				);
				PRODUCT_BUNDLE_IDENTIFIER = com.zeveisenberg.PadiddleUITests;
				PRODUCT_NAME = "$(TARGET_NAME)";
				TEST_TARGET_NAME = Padiddle;
				USES_XCTRUNNER = YES;
			};
			name = Debug;
		};
		CD193CE91BA4891500203B44 /* Release configuration for PBXNativeTarget "PadiddleUITests" */ = {
			isa = XCBuildConfiguration;
			buildSettings = {
				INFOPLIST_FILE = PadiddleUITests/Info.plist;
				LD_RUNPATH_SEARCH_PATHS = (
					"$(inherited)",
					"@executable_path/Frameworks",
					"@loader_path/Frameworks",
				);
				PRODUCT_BUNDLE_IDENTIFIER = com.zeveisenberg.PadiddleUITests;
				PRODUCT_NAME = "$(TARGET_NAME)";
				SWIFT_COMPILATION_MODE = wholemodule;
				SWIFT_OPTIMIZATION_LEVEL = "-O";
				TEST_TARGET_NAME = Padiddle;
				USES_XCTRUNNER = YES;
			};
			name = Release;
		};
/* End XCBuildConfiguration section */

/* Begin XCConfigurationList section */
		CD114B771CB80066001BBF75 /* Build configuration list for PBXNativeTarget "Screenshots" */ = {
			isa = XCConfigurationList;
			buildConfigurations = (
				CD114B751CB80066001BBF75 /* Debug configuration for PBXNativeTarget "Screenshots" */,
				CD114B761CB80066001BBF75 /* Release configuration for PBXNativeTarget "Screenshots" */,
			);
			defaultConfigurationName = Release;
		};
		CD193CB41BA4891500203B44 /* Build configuration list for PBXProject "Padiddle" */ = {
			isa = XCConfigurationList;
			buildConfigurations = (
				CD193CDF1BA4891500203B44 /* Debug configuration for PBXProject "Padiddle" */,
				CD193CE01BA4891500203B44 /* Release configuration for PBXProject "Padiddle" */,
			);
			defaultConfigurationName = Release;
		};
		CD193CE11BA4891500203B44 /* Build configuration list for PBXNativeTarget "Padiddle" */ = {
			isa = XCConfigurationList;
			buildConfigurations = (
				CD193CE21BA4891500203B44 /* Debug configuration for PBXNativeTarget "Padiddle" */,
				CD193CE31BA4891500203B44 /* Release configuration for PBXNativeTarget "Padiddle" */,
			);
			defaultConfigurationName = Release;
		};
		CD193CE41BA4891500203B44 /* Build configuration list for PBXNativeTarget "PadiddleTests" */ = {
			isa = XCConfigurationList;
			buildConfigurations = (
				CD193CE51BA4891500203B44 /* Debug configuration for PBXNativeTarget "PadiddleTests" */,
				CD193CE61BA4891500203B44 /* Release configuration for PBXNativeTarget "PadiddleTests" */,
			);
			defaultConfigurationName = Release;
		};
		CD193CE71BA4891500203B44 /* Build configuration list for PBXNativeTarget "PadiddleUITests" */ = {
			isa = XCConfigurationList;
			buildConfigurations = (
				CD193CE81BA4891500203B44 /* Debug configuration for PBXNativeTarget "PadiddleUITests" */,
				CD193CE91BA4891500203B44 /* Release configuration for PBXNativeTarget "PadiddleUITests" */,
			);
			defaultConfigurationName = Release;
		};
/* End XCConfigurationList section */

/* Begin XCRemoteSwiftPackageReference section */
		CD657F692DFD31C300215549 /* XCRemoteSwiftPackageReference "swift-numerics" */ = {
			isa = XCRemoteSwiftPackageReference;
			repositoryURL = "https://github.com/apple/swift-numerics.git";
			requirement = {
				kind = upToNextMajorVersion;
				minimumVersion = 1.0.3;
			};
		};
		CD9C7B8D24BF63290087FE69 /* XCRemoteSwiftPackageReference "BonMot" */ = {
			isa = XCRemoteSwiftPackageReference;
			repositoryURL = "git@github.com:Rightpoint/BonMot.git";
			requirement = {
				kind = exactVersion;
				version = 6.1.3;
			};
		};
		CD9C7B9024BF63450087FE69 /* XCRemoteSwiftPackageReference "Anchorage" */ = {
			isa = XCRemoteSwiftPackageReference;
			repositoryURL = "git@github.com:Rightpoint/Anchorage.git";
			requirement = {
				kind = exactVersion;
				version = 4.5.0;
			};
		};
/* End XCRemoteSwiftPackageReference section */

/* Begin XCSwiftPackageProductDependency section */
		CD657F6A2DFD31C300215549 /* RealModule */ = {
			isa = XCSwiftPackageProductDependency;
			package = CD657F692DFD31C300215549 /* XCRemoteSwiftPackageReference "swift-numerics" */;
			productName = RealModule;
		};
		CD9C7B8E24BF63290087FE69 /* BonMot */ = {
			isa = XCSwiftPackageProductDependency;
			package = CD9C7B8D24BF63290087FE69 /* XCRemoteSwiftPackageReference "BonMot" */;
			productName = BonMot;
		};
		CD9C7B9124BF63450087FE69 /* Anchorage */ = {
			isa = XCSwiftPackageProductDependency;
			package = CD9C7B9024BF63450087FE69 /* XCRemoteSwiftPackageReference "Anchorage" */;
			productName = Anchorage;
		};
/* End XCSwiftPackageProductDependency section */
	};
	rootObject = CD193CB11BA4891500203B44 /* Project object */;
}
