// !$*UTF8*$!
{
	archiveVersion = 1;
	classes = {
	};
	objectVersion = 77;
	objects = {

/* Begin PBXBuildFile section */
		CD657F6B2DFD31C300215549 /* RealModule in Frameworks */ = {isa = PBXBuildFile; productRef = CD657F6A2DFD31C300215549 /* RealModule */; };
		CD8973B92E2498CE0092247A /* PadiddleCore in Frameworks */ = {isa = PBXBuildFile; productRef = CD8973B82E2498CE0092247A /* PadiddleCore */; };
/* End PBXBuildFile section */

/* Begin PBXContainerItemProxy section */
		CDAFE17C2E76109E000EFA7D /* PBXContainerItemProxy */ = {
			isa = PBXContainerItemProxy;
			containerPortal = CD193CB11BA4891500203B44 /* Project object */;
			proxyType = 1;
			remoteGlobalIDString = CD8973AB2E2498AA0092247A;
			remoteInfo = PunchBuggy;
		};
/* End PBXContainerItemProxy section */

/* Begin PBXFileReference section */
		CD114B6E1CB80066001BBF75 /* Screenshots.xctest */ = {isa = PBXFileReference; explicitFileType = wrapper.cfbundle; includeInIndex = 0; path = Screenshots.xctest; sourceTree = BUILT_PRODUCTS_DIR; };
		CD193CCD1BA4891500203B44 /* PadiddleTests.xctest */ = {isa = PBXFileReference; explicitFileType = wrapper.cfbundle; includeInIndex = 0; path = PadiddleTests.xctest; sourceTree = BUILT_PRODUCTS_DIR; };
		CD8973AC2E2498AA0092247A /* PunchBuggy.app */ = {isa = PBXFileReference; explicitFileType = wrapper.application; includeInIndex = 0; path = PunchBuggy.app; sourceTree = BUILT_PRODUCTS_DIR; };
		CD9C55CD2E05DB0D00D3D3C8 /* SnapshotTestHost.app */ = {isa = PBXFileReference; explicitFileType = wrapper.application; includeInIndex = 0; path = SnapshotTestHost.app; sourceTree = BUILT_PRODUCTS_DIR; };
		CDB6247B2E05BC8600C07147 /* Packages */ = {isa = PBXFileReference; lastKnownFileType = wrapper; path = Packages; sourceTree = "<group>"; };
/* End PBXFileReference section */

/* Begin PBXFileSystemSynchronizedBuildFileExceptionSet section */
		CD22A0942EA53EB1008E5DAF /* Exceptions for "PunchBuggy" folder in "PunchBuggy" target */ = {
			isa = PBXFileSystemSynchronizedBuildFileExceptionSet;
			membershipExceptions = (
				Info.plist,
			);
			target = CD8973AB2E2498AA0092247A /* PunchBuggy */;
		};
		CD4E0ABD2DFD565C00FBBC4C /* Exceptions for "Screenshots" folder in "Screenshots" target */ = {
			isa = PBXFileSystemSynchronizedBuildFileExceptionSet;
			membershipExceptions = (
				Screenshots.swift,
				SnapshotHelper.swift,
			);
			target = CD114B6D1CB80066001BBF75 /* Screenshots */;
		};
/* End PBXFileSystemSynchronizedBuildFileExceptionSet section */

/* Begin PBXFileSystemSynchronizedRootGroup section */
		CD4E0ABA2DFD565C00FBBC4C /* Screenshots */ = {
			isa = PBXFileSystemSynchronizedRootGroup;
			exceptions = (
				CD4E0ABD2DFD565C00FBBC4C /* Exceptions for "Screenshots" folder in "Screenshots" target */,
			);
			path = Screenshots;
			sourceTree = "<group>";
		};
		CD8973AD2E2498AA0092247A /* PunchBuggy */ = {
			isa = PBXFileSystemSynchronizedRootGroup;
			exceptions = (
				CD22A0942EA53EB1008E5DAF /* Exceptions for "PunchBuggy" folder in "PunchBuggy" target */,
			);
			path = PunchBuggy;
			sourceTree = "<group>";
		};
		CD9C55CE2E05DB0D00D3D3C8 /* SnapshotTestHost */ = {
			isa = PBXFileSystemSynchronizedRootGroup;
			path = SnapshotTestHost;
			sourceTree = "<group>";
		};
		CD9C55D92E05DBD800D3D3C8 /* Test Plans */ = {
			isa = PBXFileSystemSynchronizedRootGroup;
			path = "Test Plans";
			sourceTree = "<group>";
		};
/* End PBXFileSystemSynchronizedRootGroup section */

/* Begin PBXFrameworksBuildPhase section */
		CD114B6B1CB80066001BBF75 /* Frameworks */ = {
			isa = PBXFrameworksBuildPhase;
			buildActionMask = 2147483647;
			files = (
			);
			runOnlyForDeploymentPostprocessing = 0;
		};
		CD193CCA1BA4891500203B44 /* Frameworks */ = {
			isa = PBXFrameworksBuildPhase;
			buildActionMask = 2147483647;
			files = (
				CD657F6B2DFD31C300215549 /* RealModule in Frameworks */,
			);
			runOnlyForDeploymentPostprocessing = 0;
		};
		CD8973A92E2498AA0092247A /* Frameworks */ = {
			isa = PBXFrameworksBuildPhase;
			buildActionMask = 2147483647;
			files = (
				CD8973B92E2498CE0092247A /* PadiddleCore in Frameworks */,
			);
			runOnlyForDeploymentPostprocessing = 0;
		};
		CD9C55CA2E05DB0D00D3D3C8 /* Frameworks */ = {
			isa = PBXFrameworksBuildPhase;
			buildActionMask = 2147483647;
			files = (
			);
			runOnlyForDeploymentPostprocessing = 0;
		};
/* End PBXFrameworksBuildPhase section */

/* Begin PBXGroup section */
		CD193CB01BA4891500203B44 = {
			isa = PBXGroup;
			children = (
				CDB6247B2E05BC8600C07147 /* Packages */,
				CD9C55D92E05DBD800D3D3C8 /* Test Plans */,
				CD8973AD2E2498AA0092247A /* PunchBuggy */,
				CD4E0ABA2DFD565C00FBBC4C /* Screenshots */,
				CD9C55CE2E05DB0D00D3D3C8 /* SnapshotTestHost */,
				CD8973B72E2498CE0092247A /* Frameworks */,
				CD193CBA1BA4891500203B44 /* Products */,
			);
			sourceTree = "<group>";
		};
		CD193CBA1BA4891500203B44 /* Products */ = {
			isa = PBXGroup;
			children = (
				CD193CCD1BA4891500203B44 /* PadiddleTests.xctest */,
				CD114B6E1CB80066001BBF75 /* Screenshots.xctest */,
				CD9C55CD2E05DB0D00D3D3C8 /* SnapshotTestHost.app */,
				CD8973AC2E2498AA0092247A /* PunchBuggy.app */,
			);
			name = Products;
			sourceTree = "<group>";
		};
		CD8973B72E2498CE0092247A /* Frameworks */ = {
			isa = PBXGroup;
			children = (
			);
			name = Frameworks;
			sourceTree = "<group>";
		};
/* End PBXGroup section */

/* Begin PBXNativeTarget section */
		CD114B6D1CB80066001BBF75 /* Screenshots */ = {
			isa = PBXNativeTarget;
			buildConfigurationList = CD114B771CB80066001BBF75 /* Build configuration list for PBXNativeTarget "Screenshots" */;
			buildPhases = (
				CD114B6A1CB80066001BBF75 /* Sources */,
				CD114B6B1CB80066001BBF75 /* Frameworks */,
				CD114B6C1CB80066001BBF75 /* Resources */,
			);
			buildRules = (
			);
			dependencies = (
				CDAFE17D2E76109E000EFA7D /* PBXTargetDependency */,
			);
			name = Screenshots;
			packageProductDependencies = (
			);
			productName = Screenshots;
			productReference = CD114B6E1CB80066001BBF75 /* Screenshots.xctest */;
			productType = "com.apple.product-type.bundle.ui-testing";
		};
		CD193CCC1BA4891500203B44 /* PadiddleTests */ = {
			isa = PBXNativeTarget;
			buildConfigurationList = CD193CE41BA4891500203B44 /* Build configuration list for PBXNativeTarget "PadiddleTests" */;
			buildPhases = (
				CD193CC91BA4891500203B44 /* Sources */,
				CD193CCA1BA4891500203B44 /* Frameworks */,
				CD193CCB1BA4891500203B44 /* Resources */,
			);
			buildRules = (
			);
			dependencies = (
			);
			name = PadiddleTests;
			packageProductDependencies = (
				CD657F6A2DFD31C300215549 /* RealModule */,
			);
			productName = PadiddleTests;
			productReference = CD193CCD1BA4891500203B44 /* PadiddleTests.xctest */;
			productType = "com.apple.product-type.bundle.unit-test";
		};
		CD8973AB2E2498AA0092247A /* PunchBuggy */ = {
			isa = PBXNativeTarget;
			buildConfigurationList = CD8973B42E2498AB0092247A /* Build configuration list for PBXNativeTarget "PunchBuggy" */;
			buildPhases = (
				7AC362232E6879C800DEB03F /* Check Dev Environment for Common Errors */,
				CD8973A82E2498AA0092247A /* Sources */,
				CD8973A92E2498AA0092247A /* Frameworks */,
				CD8973AA2E2498AA0092247A /* Resources */,
				CDAFE17B2E761031000EFA7D /* Build Number */,
				CDAFE17E2E771C28000EFA7D /* Copy Screenshot Images If Needed */,
			);
			buildRules = (
			);
			dependencies = (
			);
			fileSystemSynchronizedGroups = (
				CD8973AD2E2498AA0092247A /* PunchBuggy */,
			);
			name = PunchBuggy;
			packageProductDependencies = (
				CD8973B82E2498CE0092247A /* PadiddleCore */,
			);
			productName = PunchBuggy;
			productReference = CD8973AC2E2498AA0092247A /* PunchBuggy.app */;
			productType = "com.apple.product-type.application";
		};
		CD9C55CC2E05DB0D00D3D3C8 /* SnapshotTestHost */ = {
			isa = PBXNativeTarget;
			buildConfigurationList = CD9C55D72E05DB0E00D3D3C8 /* Build configuration list for PBXNativeTarget "SnapshotTestHost" */;
			buildPhases = (
				CD9C55C92E05DB0D00D3D3C8 /* Sources */,
				CD9C55CA2E05DB0D00D3D3C8 /* Frameworks */,
				CD9C55CB2E05DB0D00D3D3C8 /* Resources */,
			);
			buildRules = (
			);
			dependencies = (
			);
			fileSystemSynchronizedGroups = (
				CD9C55CE2E05DB0D00D3D3C8 /* SnapshotTestHost */,
			);
			name = SnapshotTestHost;
			packageProductDependencies = (
			);
			productName = SnapshotTestHost;
			productReference = CD9C55CD2E05DB0D00D3D3C8 /* SnapshotTestHost.app */;
			productType = "com.apple.product-type.application";
		};
/* End PBXNativeTarget section */

/* Begin PBXProject section */
		CD193CB11BA4891500203B44 /* Project object */ = {
			isa = PBXProject;
			attributes = {
				BuildIndependentTargetsInParallel = YES;
				LastSwiftUpdateCheck = 2600;
				LastUpgradeCheck = 2600;
				ORGANIZATIONNAME = "Zev Eisenberg";
				TargetAttributes = {
					CD114B6D1CB80066001BBF75 = {
						CreatedOnToolsVersion = 7.3;
						LastSwiftMigration = 1020;
						TestTargetID = CD8973AB2E2498AA0092247A;
					};
					CD193CCC1BA4891500203B44 = {
						CreatedOnToolsVersion = 7.0;
						DevelopmentTeam = 2KJHM26Y46;
						LastSwiftMigration = 1020;
					};
					CD8973AB2E2498AA0092247A = {
						CreatedOnToolsVersion = 26.0;
					};
					CD9C55CC2E05DB0D00D3D3C8 = {
						CreatedOnToolsVersion = 26.0;
					};
				};
			};
			buildConfigurationList = CD193CB41BA4891500203B44 /* Build configuration list for PBXProject "Padiddle" */;
			developmentRegion = en;
			hasScannedForEncodings = 0;
			knownRegions = (
				Base,
				fr,
				"zh-Hans",
				"zh-Hant",
				it,
				nl,
				en,
			);
			mainGroup = CD193CB01BA4891500203B44;
			packageReferences = (
				CD9C7B8D24BF63290087FE69 /* XCRemoteSwiftPackageReference "BonMot" */,
				CD9C7B9024BF63450087FE69 /* XCRemoteSwiftPackageReference "Anchorage" */,
				CD657F692DFD31C300215549 /* XCRemoteSwiftPackageReference "swift-numerics" */,
			);
			preferredProjectObjectVersion = 77;
			productRefGroup = CD193CBA1BA4891500203B44 /* Products */;
			projectDirPath = "";
			projectRoot = "";
			targets = (
				CD8973AB2E2498AA0092247A /* PunchBuggy */,
				CD193CCC1BA4891500203B44 /* PadiddleTests */,
				CD114B6D1CB80066001BBF75 /* Screenshots */,
				CD9C55CC2E05DB0D00D3D3C8 /* SnapshotTestHost */,
			);
		};
/* End PBXProject section */

/* Begin PBXResourcesBuildPhase section */
		CD114B6C1CB80066001BBF75 /* Resources */ = {
			isa = PBXResourcesBuildPhase;
			buildActionMask = 2147483647;
			files = (
			);
			runOnlyForDeploymentPostprocessing = 0;
		};
		CD193CCB1BA4891500203B44 /* Resources */ = {
			isa = PBXResourcesBuildPhase;
			buildActionMask = 2147483647;
			files = (
			);
			runOnlyForDeploymentPostprocessing = 0;
		};
		CD8973AA2E2498AA0092247A /* Resources */ = {
			isa = PBXResourcesBuildPhase;
			buildActionMask = 2147483647;
			files = (
			);
			runOnlyForDeploymentPostprocessing = 0;
		};
		CD9C55CB2E05DB0D00D3D3C8 /* Resources */ = {
			isa = PBXResourcesBuildPhase;
			buildActionMask = 2147483647;
			files = (
			);
			runOnlyForDeploymentPostprocessing = 0;
		};
/* End PBXResourcesBuildPhase section */

/* Begin PBXShellScriptBuildPhase section */
		7AC362232E6879C800DEB03F /* Check Dev Environment for Common Errors */ = {
			isa = PBXShellScriptBuildPhase;
			alwaysOutOfDate = 1;
			buildActionMask = 2147483647;
			files = (
			);
			inputFileListPaths = (
			);
			inputPaths = (
			);
			name = "Check Dev Environment for Common Errors";
			outputFileListPaths = (
			);
			outputPaths = (
			);
			runOnlyForDeploymentPostprocessing = 0;
			shellPath = /bin/sh;
			shellScript = "\"${SRCROOT}/Scripts/environment-check.sh\"\n";
		};
		CDAFE17B2E761031000EFA7D /* Build Number */ = {
			isa = PBXShellScriptBuildPhase;
			alwaysOutOfDate = 1;
			buildActionMask = 2147483647;
			files = (
			);
			inputFileListPaths = (
			);
			inputPaths = (
			);
			name = "Build Number";
			outputFileListPaths = (
			);
			outputPaths = (
			);
			runOnlyForDeploymentPostprocessing = 0;
			shellPath = /bin/sh;
			shellScript = "# Set the build number to the current git commit count.\n# If we're using the Dev scheme, then we'll suffix the build\n# number with the current branch name, to make collisions\n# far less likely across feature branches.\n# Based on: http://w3facility.info/question/how-do-i-force-xcode-to-rebuild-the-info-plist-file-in-my-project-every-time-i-build-the-project/\n#\ngit=`sh /etc/profile; which git`\nappBuild=`\"$git\" rev-list --all |wc -l`\nif [ $CONFIGURATION = \"Debug\" ]; then\n    branchName=`\"$git\" rev-parse --abbrev-ref HEAD`\n    /usr/libexec/PlistBuddy -c \"Set :CFBundleVersion $appBuild-$branchName\" \"${TARGET_BUILD_DIR}/${INFOPLIST_PATH}\"\nelse\n    /usr/libexec/PlistBuddy -c \"Set :CFBundleVersion $appBuild\" \"${TARGET_BUILD_DIR}/${INFOPLIST_PATH}\"\nfi\necho \"Updated ${TARGET_BUILD_DIR}/${INFOPLIST_PATH}\"\n";
		};
		CDAFE17E2E771C28000EFA7D /* Copy Screenshot Images If Needed */ = {
			isa = PBXShellScriptBuildPhase;
			alwaysOutOfDate = 1;
			buildActionMask = 2147483647;
			files = (
			);
			inputFileListPaths = (
			);
			inputPaths = (
			);
			name = "Copy Screenshot Images If Needed";
			outputFileListPaths = (
			);
			outputPaths = (
			);
			runOnlyForDeploymentPostprocessing = 0;
			shellPath = /bin/sh;
			shellScript = "set -ex\nset -o pipefail\n\nenv\n\nif [[ $FASTLANE_SNAPSHOT == \"YES\" ]]; then\n  # Clean up files from previous runs to make debugging more predictable\n  rm -rf \"${BUILT_PRODUCTS_DIR}\"/\"${PRODUCT_NAME}\".app/ScreenshotPersistedImage*.png\n\n  cp \"${SRCROOT}\"/Screenshots/ScreenshotPersistedImage* \"${BUILT_PRODUCTS_DIR}\"/\"${PRODUCT_NAME}\".app/\n\n  # Prevent codesign error: \"resource fork, Finder information, or similar detritus not allowed\"\n  xattr -c \"${BUILT_PRODUCTS_DIR}\"/\"${PRODUCT_NAME}\".app/ScreenshotPersistedImage*.png\nfi\n";
		};
/* End PBXShellScriptBuildPhase section */

/* Begin PBXSourcesBuildPhase section */
		CD114B6A1CB80066001BBF75 /* Sources */ = {
			isa = PBXSourcesBuildPhase;
			buildActionMask = 2147483647;
			files = (
			);
			runOnlyForDeploymentPostprocessing = 0;
		};
		CD193CC91BA4891500203B44 /* Sources */ = {
			isa = PBXSourcesBuildPhase;
			buildActionMask = 2147483647;
			files = (
			);
			runOnlyForDeploymentPostprocessing = 0;
		};
		CD8973A82E2498AA0092247A /* Sources */ = {
			isa = PBXSourcesBuildPhase;
			buildActionMask = 2147483647;
			files = (
			);
			runOnlyForDeploymentPostprocessing = 0;
		};
		CD9C55C92E05DB0D00D3D3C8 /* Sources */ = {
			isa = PBXSourcesBuildPhase;
			buildActionMask = 2147483647;
			files = (
			);
			runOnlyForDeploymentPostprocessing = 0;
		};
/* End PBXSourcesBuildPhase section */

/* Begin PBXTargetDependency section */
		CDAFE17D2E76109E000EFA7D /* PBXTargetDependency */ = {
			isa = PBXTargetDependency;
			target = CD8973AB2E2498AA0092247A /* PunchBuggy */;
			targetProxy = CDAFE17C2E76109E000EFA7D /* PBXContainerItemProxy */;
		};
/* End PBXTargetDependency section */

/* Begin XCBuildConfiguration section */
		CD114B751CB80066001BBF75 /* Debug */ = {
			isa = XCBuildConfiguration;
			buildSettings = {
				CLANG_ANALYZER_NONNULL = YES;
				INFOPLIST_FILE = Screenshots/Info.plist;
				LD_RUNPATH_SEARCH_PATHS = (
					"$(inherited)",
					"@executable_path/Frameworks",
					"@loader_path/Frameworks",
				);
				OTHER_SWIFT_FLAGS = "-DDEBUG $(inherited)";
				PRODUCT_BUNDLE_IDENTIFIER = com.zeveisenberg.Screenshots;
				PRODUCT_NAME = "$(TARGET_NAME)";
				TEST_TARGET_NAME = PunchBuggy;
			};
			name = Debug;
		};
		CD114B761CB80066001BBF75 /* Release */ = {
			isa = XCBuildConfiguration;
			buildSettings = {
				CLANG_ANALYZER_NONNULL = YES;
				INFOPLIST_FILE = Screenshots/Info.plist;
				LD_RUNPATH_SEARCH_PATHS = (
					"$(inherited)",
					"@executable_path/Frameworks",
					"@loader_path/Frameworks",
				);
				OTHER_SWIFT_FLAGS = "-DSCREENSHOTS $(inherited)";
				PRODUCT_BUNDLE_IDENTIFIER = com.zeveisenberg.Screenshots;
				PRODUCT_NAME = "$(TARGET_NAME)";
				SWIFT_COMPILATION_MODE = wholemodule;
				SWIFT_OPTIMIZATION_LEVEL = "-O";
				TEST_TARGET_NAME = PunchBuggy;
			};
			name = Release;
		};
		CD193CDF1BA4891500203B44 /* Debug */ = {
			isa = XCBuildConfiguration;
			buildSettings = {
				ALWAYS_SEARCH_USER_PATHS = NO;
				ASSETCATALOG_COMPILER_GENERATE_SWIFT_ASSET_SYMBOL_EXTENSIONS = YES;
				CLANG_ANALYZER_LOCALIZABILITY_NONLOCALIZED = YES;
				CLANG_CXX_LANGUAGE_STANDARD = "gnu++20";
				CLANG_CXX_LIBRARY = "libc++";
				CLANG_ENABLE_MODULES = YES;
				CLANG_ENABLE_OBJC_ARC = YES;
				CLANG_WARN_BLOCK_CAPTURE_AUTORELEASING = YES;
				CLANG_WARN_BOOL_CONVERSION = YES;
				CLANG_WARN_COMMA = YES;
				CLANG_WARN_CONSTANT_CONVERSION = YES;
				CLANG_WARN_DEPRECATED_OBJC_IMPLEMENTATIONS = YES;
				CLANG_WARN_DIRECT_OBJC_ISA_USAGE = YES_ERROR;
				CLANG_WARN_EMPTY_BODY = YES;
				CLANG_WARN_ENUM_CONVERSION = YES;
				CLANG_WARN_INFINITE_RECURSION = YES;
				CLANG_WARN_INT_CONVERSION = YES;
				CLANG_WARN_NON_LITERAL_NULL_CONVERSION = YES;
				CLANG_WARN_OBJC_IMPLICIT_RETAIN_SELF = YES;
				CLANG_WARN_OBJC_LITERAL_CONVERSION = YES;
				CLANG_WARN_OBJC_ROOT_CLASS = YES_ERROR;
				CLANG_WARN_QUOTED_INCLUDE_IN_FRAMEWORK_HEADER = YES;
				CLANG_WARN_RANGE_LOOP_ANALYSIS = YES;
				CLANG_WARN_STRICT_PROTOTYPES = YES;
				CLANG_WARN_SUSPICIOUS_MOVE = YES;
				CLANG_WARN_UNREACHABLE_CODE = YES;
				CLANG_WARN__DUPLICATE_METHOD_MATCH = YES;
				"CODE_SIGN_IDENTITY[sdk=iphoneos*]" = "Apple Development";
				COPY_PHASE_STRIP = NO;
				CURRENT_PROJECT_VERSION = 1;
				DEBUG_INFORMATION_FORMAT = dwarf;
				DEVELOPMENT_TEAM = 2KJHM26Y46;
				ENABLE_STRICT_OBJC_MSGSEND = YES;
				ENABLE_TESTABILITY = YES;
				GCC_C_LANGUAGE_STANDARD = gnu17;
				GCC_DYNAMIC_NO_PIC = NO;
				GCC_NO_COMMON_BLOCKS = YES;
				GCC_OPTIMIZATION_LEVEL = 0;
				GCC_PREPROCESSOR_DEFINITIONS = (
					"DEBUG=1",
					"$(inherited)",
				);
				GCC_WARN_64_TO_32_BIT_CONVERSION = YES;
				GCC_WARN_ABOUT_RETURN_TYPE = YES_ERROR;
				GCC_WARN_UNDECLARED_SELECTOR = YES;
				GCC_WARN_UNINITIALIZED_AUTOS = YES_AGGRESSIVE;
				GCC_WARN_UNUSED_FUNCTION = YES;
				GCC_WARN_UNUSED_VARIABLE = YES;
				INFOPLIST_KEY_UIStatusBarHidden = YES;
				IPHONEOS_DEPLOYMENT_TARGET = 26.0;
				LOCALIZATION_PREFERS_STRING_CATALOGS = YES;
				MARKETING_VERSION = 3.0;
				MTL_ENABLE_DEBUG_INFO = YES;
				ONLY_ACTIVE_ARCH = YES;
				SDKROOT = iphoneos;
				STRING_CATALOG_GENERATE_SYMBOLS = YES;
				SWIFT_EMIT_LOC_STRINGS = YES;
				SWIFT_OPTIMIZATION_LEVEL = "-Onone";
				SWIFT_UPCOMING_FEATURE_MEMBER_IMPORT_VISIBILITY = YES;
				SWIFT_VERSION = 6.0;
				TARGETED_DEVICE_FAMILY = "1,2";
			};
			name = Debug;
		};
		CD193CE01BA4891500203B44 /* Release */ = {
			isa = XCBuildConfiguration;
			buildSettings = {
				ALWAYS_SEARCH_USER_PATHS = NO;
				ASSETCATALOG_COMPILER_GENERATE_SWIFT_ASSET_SYMBOL_EXTENSIONS = YES;
				CLANG_ANALYZER_LOCALIZABILITY_NONLOCALIZED = YES;
				CLANG_CXX_LANGUAGE_STANDARD = "gnu++20";
				CLANG_CXX_LIBRARY = "libc++";
				CLANG_ENABLE_MODULES = YES;
				CLANG_ENABLE_OBJC_ARC = YES;
				CLANG_WARN_BLOCK_CAPTURE_AUTORELEASING = YES;
				CLANG_WARN_BOOL_CONVERSION = YES;
				CLANG_WARN_COMMA = YES;
				CLANG_WARN_CONSTANT_CONVERSION = YES;
				CLANG_WARN_DEPRECATED_OBJC_IMPLEMENTATIONS = YES;
				CLANG_WARN_DIRECT_OBJC_ISA_USAGE = YES_ERROR;
				CLANG_WARN_EMPTY_BODY = YES;
				CLANG_WARN_ENUM_CONVERSION = YES;
				CLANG_WARN_INFINITE_RECURSION = YES;
				CLANG_WARN_INT_CONVERSION = YES;
				CLANG_WARN_NON_LITERAL_NULL_CONVERSION = YES;
				CLANG_WARN_OBJC_IMPLICIT_RETAIN_SELF = YES;
				CLANG_WARN_OBJC_LITERAL_CONVERSION = YES;
				CLANG_WARN_OBJC_ROOT_CLASS = YES_ERROR;
				CLANG_WARN_QUOTED_INCLUDE_IN_FRAMEWORK_HEADER = YES;
				CLANG_WARN_RANGE_LOOP_ANALYSIS = YES;
				CLANG_WARN_STRICT_PROTOTYPES = YES;
				CLANG_WARN_SUSPICIOUS_MOVE = YES;
				CLANG_WARN_UNREACHABLE_CODE = YES;
				CLANG_WARN__DUPLICATE_METHOD_MATCH = YES;
				"CODE_SIGN_IDENTITY[sdk=iphoneos*]" = "Apple Distribution";
				COPY_PHASE_STRIP = NO;
				CURRENT_PROJECT_VERSION = 1;
				DEBUG_INFORMATION_FORMAT = "dwarf-with-dsym";
				DEVELOPMENT_TEAM = 2KJHM26Y46;
				ENABLE_NS_ASSERTIONS = NO;
				ENABLE_STRICT_OBJC_MSGSEND = YES;
				GCC_C_LANGUAGE_STANDARD = gnu17;
				GCC_NO_COMMON_BLOCKS = YES;
				GCC_WARN_64_TO_32_BIT_CONVERSION = YES;
				GCC_WARN_ABOUT_RETURN_TYPE = YES_ERROR;
				GCC_WARN_UNDECLARED_SELECTOR = YES;
				GCC_WARN_UNINITIALIZED_AUTOS = YES_AGGRESSIVE;
				GCC_WARN_UNUSED_FUNCTION = YES;
				GCC_WARN_UNUSED_VARIABLE = YES;
				INFOPLIST_KEY_UIStatusBarHidden = YES;
				IPHONEOS_DEPLOYMENT_TARGET = 26.0;
				LOCALIZATION_PREFERS_STRING_CATALOGS = YES;
				MARKETING_VERSION = 3.0;
				MTL_ENABLE_DEBUG_INFO = NO;
				SDKROOT = iphoneos;
				STRING_CATALOG_GENERATE_SYMBOLS = YES;
				SWIFT_EMIT_LOC_STRINGS = YES;
				SWIFT_UPCOMING_FEATURE_MEMBER_IMPORT_VISIBILITY = YES;
				SWIFT_VERSION = 6.0;
				TARGETED_DEVICE_FAMILY = "1,2";
				VALIDATE_PRODUCT = YES;
			};
			name = Release;
		};
		CD193CE51BA4891500203B44 /* Debug */ = {
			isa = XCBuildConfiguration;
			buildSettings = {
				INFOPLIST_FILE = PadiddleTests/Info.plist;
				LD_RUNPATH_SEARCH_PATHS = (
					"$(inherited)",
					"@executable_path/Frameworks",
					"@loader_path/Frameworks",
				);
				PRODUCT_BUNDLE_IDENTIFIER = com.zeveisenberg.PadiddleTests;
				PRODUCT_NAME = "$(TARGET_NAME)";
			};
			name = Debug;
		};
		CD193CE61BA4891500203B44 /* Release */ = {
			isa = XCBuildConfiguration;
			buildSettings = {
				INFOPLIST_FILE = PadiddleTests/Info.plist;
				LD_RUNPATH_SEARCH_PATHS = (
					"$(inherited)",
					"@executable_path/Frameworks",
					"@loader_path/Frameworks",
				);
				PRODUCT_BUNDLE_IDENTIFIER = com.zeveisenberg.PadiddleTests;
				PRODUCT_NAME = "$(TARGET_NAME)";
				SWIFT_COMPILATION_MODE = wholemodule;
				SWIFT_OPTIMIZATION_LEVEL = "-O";
			};
			name = Release;
		};
		CD8973B52E2498AB0092247A /* Debug */ = {
			isa = XCBuildConfiguration;
			buildSettings = {
				ASSETCATALOG_COMPILER_APPICON_NAME = AppIcon;
				ASSETCATALOG_COMPILER_GLOBAL_ACCENT_COLOR_NAME = AccentColor;
				CLANG_ANALYZER_NONNULL = YES;
				CLANG_ANALYZER_NUMBER_OBJECT_CONVERSION = YES_AGGRESSIVE;
				CLANG_ENABLE_OBJC_WEAK = YES;
				CLANG_WARN_DOCUMENTATION_COMMENTS = YES;
				CLANG_WARN_UNGUARDED_AVAILABILITY = YES_AGGRESSIVE;
				CODE_SIGN_STYLE = Automatic;
				GENERATE_INFOPLIST_FILE = YES;
				INFOPLIST_FILE = PunchBuggy/Info.plist;
				INFOPLIST_KEY_UIApplicationSupportsIndirectInputEvents = YES;
				INFOPLIST_KEY_UILaunchScreen_Generation = YES;
				INFOPLIST_KEY_UISupportedInterfaceOrientations_iPad = "UIInterfaceOrientationPortrait UIInterfaceOrientationPortraitUpsideDown UIInterfaceOrientationLandscapeLeft UIInterfaceOrientationLandscapeRight";
				INFOPLIST_KEY_UISupportedInterfaceOrientations_iPhone = "UIInterfaceOrientationPortrait UIInterfaceOrientationLandscapeLeft UIInterfaceOrientationLandscapeRight";
				LD_RUNPATH_SEARCH_PATHS = (
					"$(inherited)",
					"@executable_path/Frameworks",
				);
				PRODUCT_BUNDLE_IDENTIFIER = com.zeveisenberg.PunchBuggy;
				PRODUCT_NAME = "$(TARGET_NAME)";
				SWIFT_ACTIVE_COMPILATION_CONDITIONS = "DEBUG $(inherited)";
			};
			name = Debug;
		};
		CD8973B62E2498AB0092247A /* Release */ = {
			isa = XCBuildConfiguration;
			buildSettings = {
				ASSETCATALOG_COMPILER_APPICON_NAME = AppIcon;
				ASSETCATALOG_COMPILER_GLOBAL_ACCENT_COLOR_NAME = AccentColor;
				CLANG_ANALYZER_NONNULL = YES;
				CLANG_ANALYZER_NUMBER_OBJECT_CONVERSION = YES_AGGRESSIVE;
				CLANG_ENABLE_OBJC_WEAK = YES;
				CLANG_WARN_DOCUMENTATION_COMMENTS = YES;
				CLANG_WARN_UNGUARDED_AVAILABILITY = YES_AGGRESSIVE;
				CODE_SIGN_STYLE = Automatic;
				GENERATE_INFOPLIST_FILE = YES;
				INFOPLIST_FILE = PunchBuggy/Info.plist;
				INFOPLIST_KEY_UIApplicationSupportsIndirectInputEvents = YES;
				INFOPLIST_KEY_UILaunchScreen_Generation = YES;
				INFOPLIST_KEY_UISupportedInterfaceOrientations_iPad = "UIInterfaceOrientationPortrait UIInterfaceOrientationPortraitUpsideDown UIInterfaceOrientationLandscapeLeft UIInterfaceOrientationLandscapeRight";
				INFOPLIST_KEY_UISupportedInterfaceOrientations_iPhone = "UIInterfaceOrientationPortrait UIInterfaceOrientationLandscapeLeft UIInterfaceOrientationLandscapeRight";
				LD_RUNPATH_SEARCH_PATHS = (
					"$(inherited)",
					"@executable_path/Frameworks",
				);
				PRODUCT_BUNDLE_IDENTIFIER = com.zeveisenberg.PunchBuggy;
				PRODUCT_NAME = "$(TARGET_NAME)";
				SWIFT_COMPILATION_MODE = wholemodule;
			};
			name = Release;
		};
		CD9C55D52E05DB0E00D3D3C8 /* Debug */ = {
			isa = XCBuildConfiguration;
			buildSettings = {
				ASSETCATALOG_COMPILER_APPICON_NAME = AppIcon;
				ASSETCATALOG_COMPILER_GLOBAL_ACCENT_COLOR_NAME = AccentColor;
				CLANG_ANALYZER_NONNULL = YES;
				CLANG_ANALYZER_NUMBER_OBJECT_CONVERSION = YES_AGGRESSIVE;
				CLANG_ENABLE_OBJC_WEAK = YES;
				CLANG_WARN_DOCUMENTATION_COMMENTS = YES;
				CLANG_WARN_UNGUARDED_AVAILABILITY = YES_AGGRESSIVE;
				CODE_SIGN_STYLE = Automatic;
				ENABLE_PREVIEWS = YES;
				ENABLE_USER_SCRIPT_SANDBOXING = YES;
				GENERATE_INFOPLIST_FILE = YES;
				INFOPLIST_KEY_UIApplicationSceneManifest_Generation = YES;
				INFOPLIST_KEY_UIApplicationSupportsIndirectInputEvents = YES;
				INFOPLIST_KEY_UILaunchScreen_Generation = YES;
				INFOPLIST_KEY_UISupportedInterfaceOrientations_iPad = "UIInterfaceOrientationPortrait UIInterfaceOrientationPortraitUpsideDown UIInterfaceOrientationLandscapeLeft UIInterfaceOrientationLandscapeRight";
				INFOPLIST_KEY_UISupportedInterfaceOrientations_iPhone = "UIInterfaceOrientationPortrait UIInterfaceOrientationLandscapeLeft UIInterfaceOrientationLandscapeRight";
				LD_RUNPATH_SEARCH_PATHS = (
					"$(inherited)",
					"@executable_path/Frameworks",
				);
				MTL_ENABLE_DEBUG_INFO = INCLUDE_SOURCE;
				MTL_FAST_MATH = YES;
				PRODUCT_BUNDLE_IDENTIFIER = com.zeveisenberg.SnapshotTestHost;
				PRODUCT_NAME = "$(TARGET_NAME)";
				SWIFT_ACTIVE_COMPILATION_CONDITIONS = "DEBUG $(inherited)";
				SWIFT_DEFAULT_ACTOR_ISOLATION = MainActor;
				SWIFT_UPCOMING_FEATURE_MEMBER_IMPORT_VISIBILITY = YES;
			};
			name = Debug;
		};
		CD9C55D62E05DB0E00D3D3C8 /* Release */ = {
			isa = XCBuildConfiguration;
			buildSettings = {
				ASSETCATALOG_COMPILER_APPICON_NAME = AppIcon;
				ASSETCATALOG_COMPILER_GLOBAL_ACCENT_COLOR_NAME = AccentColor;
				CLANG_ANALYZER_NONNULL = YES;
				CLANG_ANALYZER_NUMBER_OBJECT_CONVERSION = YES_AGGRESSIVE;
				CLANG_ENABLE_OBJC_WEAK = YES;
				CLANG_WARN_DOCUMENTATION_COMMENTS = YES;
				CLANG_WARN_UNGUARDED_AVAILABILITY = YES_AGGRESSIVE;
				CODE_SIGN_STYLE = Automatic;
				ENABLE_PREVIEWS = YES;
				ENABLE_USER_SCRIPT_SANDBOXING = YES;
				GENERATE_INFOPLIST_FILE = YES;
				INFOPLIST_KEY_UIApplicationSceneManifest_Generation = YES;
				INFOPLIST_KEY_UIApplicationSupportsIndirectInputEvents = YES;
				INFOPLIST_KEY_UILaunchScreen_Generation = YES;
				INFOPLIST_KEY_UISupportedInterfaceOrientations_iPad = "UIInterfaceOrientationPortrait UIInterfaceOrientationPortraitUpsideDown UIInterfaceOrientationLandscapeLeft UIInterfaceOrientationLandscapeRight";
				INFOPLIST_KEY_UISupportedInterfaceOrientations_iPhone = "UIInterfaceOrientationPortrait UIInterfaceOrientationLandscapeLeft UIInterfaceOrientationLandscapeRight";
				LD_RUNPATH_SEARCH_PATHS = (
					"$(inherited)",
					"@executable_path/Frameworks",
				);
				MTL_FAST_MATH = YES;
				PRODUCT_BUNDLE_IDENTIFIER = com.zeveisenberg.SnapshotTestHost;
				PRODUCT_NAME = "$(TARGET_NAME)";
				SWIFT_COMPILATION_MODE = wholemodule;
				SWIFT_DEFAULT_ACTOR_ISOLATION = MainActor;
				SWIFT_UPCOMING_FEATURE_MEMBER_IMPORT_VISIBILITY = YES;
			};
			name = Release;
		};
/* End XCBuildConfiguration section */

/* Begin XCConfigurationList section */
		CD114B771CB80066001BBF75 /* Build configuration list for PBXNativeTarget "Screenshots" */ = {
			isa = XCConfigurationList;
			buildConfigurations = (
				CD114B751CB80066001BBF75 /* Debug */,
				CD114B761CB80066001BBF75 /* Release */,
			);
			defaultConfigurationIsVisible = 0;
			defaultConfigurationName = Release;
		};
		CD193CB41BA4891500203B44 /* Build configuration list for PBXProject "Padiddle" */ = {
			isa = XCConfigurationList;
			buildConfigurations = (
				CD193CDF1BA4891500203B44 /* Debug */,
				CD193CE01BA4891500203B44 /* Release */,
			);
			defaultConfigurationIsVisible = 0;
			defaultConfigurationName = Release;
		};
		CD193CE41BA4891500203B44 /* Build configuration list for PBXNativeTarget "PadiddleTests" */ = {
			isa = XCConfigurationList;
			buildConfigurations = (
				CD193CE51BA4891500203B44 /* Debug */,
				CD193CE61BA4891500203B44 /* Release */,
			);
			defaultConfigurationIsVisible = 0;
			defaultConfigurationName = Release;
		};
		CD8973B42E2498AB0092247A /* Build configuration list for PBXNativeTarget "PunchBuggy" */ = {
			isa = XCConfigurationList;
			buildConfigurations = (
				CD8973B52E2498AB0092247A /* Debug */,
				CD8973B62E2498AB0092247A /* Release */,
			);
			defaultConfigurationIsVisible = 0;
			defaultConfigurationName = Release;
		};
		CD9C55D72E05DB0E00D3D3C8 /* Build configuration list for PBXNativeTarget "SnapshotTestHost" */ = {
			isa = XCConfigurationList;
			buildConfigurations = (
				CD9C55D52E05DB0E00D3D3C8 /* Debug */,
				CD9C55D62E05DB0E00D3D3C8 /* Release */,
			);
			defaultConfigurationIsVisible = 0;
			defaultConfigurationName = Release;
		};
/* End XCConfigurationList section */

/* Begin XCRemoteSwiftPackageReference section */
		CD657F692DFD31C300215549 /* XCRemoteSwiftPackageReference "swift-numerics" */ = {
			isa = XCRemoteSwiftPackageReference;
			repositoryURL = "https://github.com/apple/swift-numerics.git";
			requirement = {
				kind = upToNextMajorVersion;
				minimumVersion = 1.0.3;
			};
		};
		CD9C7B8D24BF63290087FE69 /* XCRemoteSwiftPackageReference "BonMot" */ = {
			isa = XCRemoteSwiftPackageReference;
			repositoryURL = "https://github.com/Rightpoint/BonMot.git";
			requirement = {
				kind = exactVersion;
				version = 6.1.3;
			};
		};
		CD9C7B9024BF63450087FE69 /* XCRemoteSwiftPackageReference "Anchorage" */ = {
			isa = XCRemoteSwiftPackageReference;
			repositoryURL = "https://github.com/Rightpoint/Anchorage.git";
			requirement = {
				kind = exactVersion;
				version = 4.5.0;
			};
		};
/* End XCRemoteSwiftPackageReference section */

/* Begin XCSwiftPackageProductDependency section */
		CD657F6A2DFD31C300215549 /* RealModule */ = {
			isa = XCSwiftPackageProductDependency;
			package = CD657F692DFD31C300215549 /* XCRemoteSwiftPackageReference "swift-numerics" */;
			productName = RealModule;
		};
		CD8973B82E2498CE0092247A /* PadiddleCore */ = {
			isa = XCSwiftPackageProductDependency;
			productName = PadiddleCore;
		};
/* End XCSwiftPackageProductDependency section */
	};
	rootObject = CD193CB11BA4891500203B44 /* Project object */;
}
