{
  "originHash" : "eaa71c4d2ce1f20e34d998a235dce339ffbc09e9b73aeb1d19674392ea6b8656",
  "pins" : [
    {
      "identity" : "combine-schedulers",
      "kind" : "remoteSourceControl",
      "location" : "https://github.com/pointfreeco/combine-schedulers",
      "state" : {
        "revision" : "114354e8c1667a2edc4993700fb9fa4f90157b56",
        "version" : "1.2.2"
      }
    },
    {
      "identity" : "swift-algorithms",
      "kind" : "remoteSourceControl",
      "location" : "https://github.com/apple/swift-algorithms",
      "state" : {
        "revision" : "87e50f483c54e6efd60e885f7f5aa946cee68023",
        "version" : "1.2.1"
      }
    },
    {
      "identity" : "swift-argument-parser",
      "kind" : "remoteSourceControl",
      "location" : "https://github.com/apple/swift-argument-parser",
      "state" : {
        "revision" : "6a52f3251125d74daf04fcbd5e6f08a75d074382",
        "version" : "1.8.2"
      }
    },
    {
      "identity" : "swift-case-paths",
      "kind" : "remoteSourceControl",
      "location" : "https://github.com/pointfreeco/swift-case-paths",
      "state" : {
        "branch" : "protocol-case-paths",
        "revision" : "f59f046b554f5346255d74dd8a2fe1959e9f3264"
      }
    },
    {
      "identity" : "swift-clocks",
      "kind" : "remoteSourceControl",
      "location" : "https://github.com/pointfreeco/swift-clocks",
      "state" : {
        "branch" : "clocks-2",
        "revision" : "77abbdd51dc05c719d5a758572e18f3643f546b7"
      }
    },
    {
      "identity" : "swift-collections",
      "kind" : "remoteSourceControl",
      "location" : "https://github.com/apple/swift-collections",
      "state" : {
        "revision" : "a0cb0954ecb21e4e31b0070e6ed5674e8556685a",
        "version" : "1.6.0"
      }
    },
    {
      "identity" : "swift-concurrency-extras",
      "kind" : "remoteSourceControl",
      "location" : "https://github.com/pointfreeco/swift-concurrency-extras",
      "state" : {
        "revision" : "5fa253428866f2360c3754e88537f700ed2656b5",
        "version" : "1.4.1"
      }
    },
    {
      "identity" : "swift-custom-dump",
      "kind" : "remoteSourceControl",
      "location" : "https://github.com/pointfreeco/swift-custom-dump",
      "state" : {
        "revision" : "4fb9e7cbb4b8f5a7354005db39447f570d6b3e19",
        "version" : "1.7.3"
      }
    },
    {
      "identity" : "swift-debug-snapshots",
      "kind" : "remoteSourceControl",
      "location" : "https://github.com/pointfreeco/swift-debug-snapshots",
      "state" : {
        "revision" : "71487e2005dc2b0fd7e3d71568626845417ac7ef",
        "version" : "0.5.0"
      }
    },
    {
      "identity" : "swift-dependencies",
      "kind" : "remoteSourceControl",
      "location" : "https://github.com/pointfreeco/swift-dependencies",
      "state" : {
        "revision" : "b476cc5761057d8d857de063fe7ac8daecf5c06b",
        "version" : "1.17.1"
      }
    },
    {
      "identity" : "swift-identified-collections",
      "kind" : "remoteSourceControl",
      "location" : "https://github.com/pointfreeco/swift-identified-collections",
      "state" : {
        "revision" : "322d9ffeeba85c9f7c4984b39422ec7cc3c56597",
        "version" : "1.1.1"
      }
    },
    {
      "identity" : "swift-issue-reporting",
      "kind" : "remoteSourceControl",
      "location" : "https://github.com/pointfreeco/swift-issue-reporting",
      "state" : {
        "revision" : "71c7c9a761d1ca6ed4ccb6ced040fe1c1a39e8e7",
        "version" : "2.1.0"
      }
    },
    {
      "identity" : "swift-navigation",
      "kind" : "remoteSourceControl",
      "location" : "https://github.com/pointfreeco/swift-navigation",
      "state" : {
        "branch" : "case-paths-2",
        "revision" : "c4344194c0f9abace6782c349bab48f513ade8e4"
      }
    },
    {
      "identity" : "swift-numerics",
      "kind" : "remoteSourceControl",
      "location" : "https://github.com/apple/swift-numerics.git",
      "state" : {
        "revision" : "0c0290ff6b24942dadb83a929ffaaa1481df04a2",
        "version" : "1.1.1"
      }
    },
    {
      "identity" : "swift-package-list",
      "kind" : "remoteSourceControl",
      "location" : "https://github.com/FelixHerrmann/swift-package-list",
      "state" : {
        "revision" : "14f7e7de03182873d8c23cab4c8bbf0d9d46cad4",
        "version" : "4.10.0"
      }
    },
    {
      "identity" : "swift-perception",
      "kind" : "remoteSourceControl",
      "location" : "https://github.com/pointfreeco/swift-perception",
      "state" : {
        "revision" : "597afd46249f4a71885b95d26b26cc5b893daf32",
        "version" : "2.0.12"
      }
    },
    {
      "identity" : "swift-sharing",
      "kind" : "remoteSourceControl",
      "location" : "https://github.com/pointfreeco/swift-sharing",
      "state" : {
        "revision" : "3552faf8a6c18ce896ec5a72bd8c34755f0f03e0",
        "version" : "2.10.1"
      }
    },
    {
      "identity" : "swift-snapshot-testing",
      "kind" : "remoteSourceControl",
      "location" : "https://github.com/pointfreeco/swift-snapshot-testing",
      "state" : {
        "revision" : "98ba2e1a302c405dd8752e9fcacef0d5f500cac9",
        "version" : "1.19.5"
      }
    },
    {
      "identity" : "swift-syntax",
      "kind" : "remoteSourceControl",
      "location" : "https://github.com/swiftlang/swift-syntax",
      "state" : {
        "revision" : "050f1a346fbbac0ca2cfb15a95274f7bd1cf0ccf",
        "version" : "604.0.0"
      }
    },
    {
      "identity" : "tca26",
      "kind" : "remoteSourceControl",
      "location" : "https://github.com/pointfreeco/TCA26",
      "state" : {
        "branch" : "main",
        "revision" : "685aa13e104ce2234d16615e78489e4f6e4cb685"
      }
    }
  ],
  "version" : 3
}
