PODS:
  - Anchorage (4.4.0)
  - BonMot (5.5.1)
  - SwiftGen (6.2.1)
  - SwiftLint (0.39.2)

DEPENDENCIES:
  - Anchorage
  - BonMot
  - SwiftGen
  - SwiftLint

SPEC REPOS:
  trunk:
    - Anchorage
    - BonMot
    - SwiftGen
    - SwiftLint

SPEC CHECKSUMS:
  Anchorage: d7f02c4f9425b537053237aab11ae97e59b55f36
  BonMot: 0d179476725af81f622a6d9f660f43048070016a
  SwiftGen: 62e69d127507be1538d4263e137b2290cd6ab272
  SwiftLint: 22ccbbe3b8008684be5955693bab135e0ed6a447

PODFILE CHECKSUM: 53666d175867259cc1d788cf62faacc1cacd28e9

COCOAPODS: 1.9.3
