PODS:
  - Anchorage (4.3.1)
  - BonMot (5.4)
  - SimulatorStatusMagic (2.4.1)
  - SwiftGen (6.1.0)
  - SwiftLint (0.32.0)

DEPENDENCIES:
  - Anchorage
  - BonMot
  - SimulatorStatusMagic
  - SwiftGen
  - SwiftLint

SPEC REPOS:
  https://github.com/cocoapods/specs.git:
    - Anchorage
    - BonMot
    - SimulatorStatusMagic
    - SwiftGen
    - SwiftLint

SPEC CHECKSUMS:
  Anchorage: a187da0bc9b07440637d42c8744b8c82a4490295
  BonMot: 505471ffd93959076c4dd8391aa8a7aba35562a2
  SimulatorStatusMagic: 28d4a9d1a500ac7cea0b2b5a43c1c6ddb40ba56c
  SwiftGen: f872ca75cbd17bf7103c17f13dcfa0d9a15667b0
  SwiftLint: 009a898ef2a1c851f45e1b59349bf6ff2ddc990d

PODFILE CHECKSUM: 8174286e7daf2bd436865685cc4c1f22e3618e61

COCOAPODS: 1.7.1
